PODS:
  - Alamofire (4.4.0)
  - AlamofireImage (3.2.0):
    - Alamofire (~> 4.1)
  - IGListKit (2.1.0):
    - IGListKit/Default (= 2.1.0)
  - IGListKit/Default (2.1.0):
    - IGListKit/Diffing
  - IGListKit/Diffing (2.1.0)
  - SwiftyJSON (3.1.4)

DEPENDENCIES:
  - Alamofire (~> 4.4.0)
  - AlamofireImage (~> 3.2.0)
  - IGListKit (from `https://github.com/Instagram/IGListKit.git`, branch `master`)
  - SwiftyJSON (~> 3.1.4)

EXTERNAL SOURCES:
  IGListKit:
    :branch: master
    :git: https://github.com/Instagram/IGListKit.git

CHECKOUT OPTIONS:
  IGListKit:
    :commit: f1ebfbdb7d5ab69c93948bbba3dea16d6753452f
    :git: https://github.com/Instagram/IGListKit.git

SPEC CHECKSUMS:
  Alamofire: dc44b1600b800eb63da6a19039a0083d62a6a62d
  AlamofireImage: 157ed682cc81d3b9db4fb90c1f12180ac552d93b
  IGListKit: b826c68ef7a4ae1626c09d4d3e1ea7a169e6c36e
  SwiftyJSON: c2842d878f95482ffceec5709abc3d05680c0220

PODFILE CHECKSUM: 8afd95e5846f7bde393ff6d2f9996dbed0281ccf

COCOAPODS: 1.2.0
