// !$*UTF8*$!
{
	archiveVersion = 1;
	classes = {
	};
	objectVersion = 46;
	objects = {

/* Begin PBXBuildFile section */
		297AE84D1EC0D58A00B44A1F /* DateDisplayTests.swift in Sources */ = {isa = PBXBuildFile; fileRef = 297AE84C1EC0D58A00B44A1F /* DateDisplayTests.swift */; };
		297AE8741EC0D5C200B44A1F /* GithubLogin.storyboard in Resources */ = {isa = PBXBuildFile; fileRef = 297AE8591EC0D5C100B44A1F /* GithubLogin.storyboard */; };
		297AE8751EC0D5C200B44A1F /* LoginRequest.swift in Sources */ = {isa = PBXBuildFile; fileRef = 297AE85A1EC0D5C100B44A1F /* LoginRequest.swift */; };
		297AE8761EC0D5C200B44A1F /* LoginViewController.swift in Sources */ = {isa = PBXBuildFile; fileRef = 297AE85B1EC0D5C100B44A1F /* LoginViewController.swift */; };
		297AE8771EC0D5C200B44A1F /* OnePassword.swift in Sources */ = {isa = PBXBuildFile; fileRef = 297AE85C1EC0D5C100B44A1F /* OnePassword.swift */; };
		297AE8781EC0D5C200B44A1F /* TwoFactorViewController.swift in Sources */ = {isa = PBXBuildFile; fileRef = 297AE85D1EC0D5C100B44A1F /* TwoFactorViewController.swift */; };
		297AE8791EC0D5C200B44A1F /* App.swift in Sources */ = {isa = PBXBuildFile; fileRef = 297AE85F1EC0D5C100B44A1F /* App.swift */; };
		297AE87A1EC0D5C200B44A1F /* Authorization.swift in Sources */ = {isa = PBXBuildFile; fileRef = 297AE8601EC0D5C100B44A1F /* Authorization.swift */; };
		297AE87B1EC0D5C200B44A1F /* ErrorMessages.swift in Sources */ = {isa = PBXBuildFile; fileRef = 297AE8621EC0D5C100B44A1F /* ErrorMessages.swift */; };
		297AE87C1EC0D5C200B44A1F /* Secrets.swift in Sources */ = {isa = PBXBuildFile; fileRef = 297AE8631EC0D5C100B44A1F /* Secrets.swift */; };
		297AE87D1EC0D5C200B44A1F /* Alamofire+GitHub.swift in Sources */ = {isa = PBXBuildFile; fileRef = 297AE8661EC0D5C100B44A1F /* Alamofire+GitHub.swift */; };
		297AE87E1EC0D5C200B44A1F /* AppDelegate.swift in Sources */ = {isa = PBXBuildFile; fileRef = 297AE8671EC0D5C200B44A1F /* AppDelegate.swift */; };
		297AE87F1EC0D5C200B44A1F /* UIViewController+Alerts.swift in Sources */ = {isa = PBXBuildFile; fileRef = 297AE8691EC0D5C200B44A1F /* UIViewController+Alerts.swift */; };
		297AE8801EC0D5C200B44A1F /* UIViewController+LoadingIndicator.swift in Sources */ = {isa = PBXBuildFile; fileRef = 297AE86A1EC0D5C200B44A1F /* UIViewController+LoadingIndicator.swift */; };
		297AE8811EC0D5C200B44A1F /* Assets.xcassets in Resources */ = {isa = PBXBuildFile; fileRef = 297AE86E1EC0D5C200B44A1F /* Assets.xcassets */; };
		297AE8821EC0D5C200B44A1F /* LaunchScreen.storyboard in Resources */ = {isa = PBXBuildFile; fileRef = 297AE86F1EC0D5C200B44A1F /* LaunchScreen.storyboard */; };
		297AE8831EC0D5C200B44A1F /* Main.storyboard in Resources */ = {isa = PBXBuildFile; fileRef = 297AE8711EC0D5C200B44A1F /* Main.storyboard */; };
		298BA08B1EC9031E00B01946 /* RepoNotifications+Notification.swift in Sources */ = {isa = PBXBuildFile; fileRef = 298BA08A1EC9031E00B01946 /* RepoNotifications+Notification.swift */; };
		298BA08D1EC90A9000B01946 /* NSAttributedStringSizing.swift in Sources */ = {isa = PBXBuildFile; fileRef = 298BA08C1EC90A9000B01946 /* NSAttributedStringSizing.swift */; };
		298BA08F1EC90FEE00B01946 /* UIView+BottomBorder.swift in Sources */ = {isa = PBXBuildFile; fileRef = 298BA08E1EC90FEE00B01946 /* UIView+BottomBorder.swift */; };
		298BA0971EC947F100B01946 /* SegmentedControlCell.swift in Sources */ = {isa = PBXBuildFile; fileRef = 298BA0951EC947F100B01946 /* SegmentedControlCell.swift */; };
		298BA0981EC947F100B01946 /* SegmentedControlSectionController.swift in Sources */ = {isa = PBXBuildFile; fileRef = 298BA0961EC947F100B01946 /* SegmentedControlSectionController.swift */; };
		298BA09A1EC947FC00B01946 /* SegmentedControlModel.swift in Sources */ = {isa = PBXBuildFile; fileRef = 298BA0991EC947FC00B01946 /* SegmentedControlModel.swift */; };
		299F2A121EC3BCF0006CE9D7 /* GithubSession.swift in Sources */ = {isa = PBXBuildFile; fileRef = 299F2A111EC3BCF0006CE9D7 /* GithubSession.swift */; };
		29A195021EC66B8B00C3E289 /* UIColor+Hex.swift in Sources */ = {isa = PBXBuildFile; fileRef = 29A195011EC66B8B00C3E289 /* UIColor+Hex.swift */; };
		29A195041EC74C4800C3E289 /* Date+Display.swift in Sources */ = {isa = PBXBuildFile; fileRef = 29A195031EC74C4800C3E289 /* Date+Display.swift */; };
		29A195051EC75F3D00C3E289 /* Date+Display.swift in Sources */ = {isa = PBXBuildFile; fileRef = 29A195031EC74C4800C3E289 /* Date+Display.swift */; };
		29A195071EC7601000C3E289 /* Localizable.stringsdict in Resources */ = {isa = PBXBuildFile; fileRef = 29A195061EC7601000C3E289 /* Localizable.stringsdict */; };
		29A195081EC7602500C3E289 /* Localizable.stringsdict in Resources */ = {isa = PBXBuildFile; fileRef = 29A195061EC7601000C3E289 /* Localizable.stringsdict */; };
		29A1950A1EC78B4800C3E289 /* NotificationType+Icon.swift in Sources */ = {isa = PBXBuildFile; fileRef = 29A195091EC78B4800C3E289 /* NotificationType+Icon.swift */; };
		29A1950C1EC7901400C3E289 /* NotificationType.swift in Sources */ = {isa = PBXBuildFile; fileRef = 29A1950B1EC7901400C3E289 /* NotificationType.swift */; };
		29A195111EC7AC9500C3E289 /* NotificationRepoCell.swift in Sources */ = {isa = PBXBuildFile; fileRef = 29A195101EC7AC9500C3E289 /* NotificationRepoCell.swift */; };
		29A195131EC7AD2D00C3E289 /* RepoNotificationsSectionController.swift in Sources */ = {isa = PBXBuildFile; fileRef = 29A195121EC7AD2D00C3E289 /* RepoNotificationsSectionController.swift */; };
		29A195151EC7AD4A00C3E289 /* RepoNotifications.swift in Sources */ = {isa = PBXBuildFile; fileRef = 29A195141EC7AD4A00C3E289 /* RepoNotifications.swift */; };
		29A195191EC7AF6800C3E289 /* NotificationsTests.swift in Sources */ = {isa = PBXBuildFile; fileRef = 29A195181EC7AF6800C3E289 /* NotificationsTests.swift */; };
		29C167671ECA005500439D62 /* Strings.swift in Sources */ = {isa = PBXBuildFile; fileRef = 29C167661ECA005500439D62 /* Strings.swift */; };
		29C167691ECA016500439D62 /* EmptyView.swift in Sources */ = {isa = PBXBuildFile; fileRef = 29C167681ECA016500439D62 /* EmptyView.swift */; };
		29C1676B1ECA0B0A00439D62 /* RepoNotifications+Filter.swift in Sources */ = {isa = PBXBuildFile; fileRef = 29C1676A1ECA0B0A00439D62 /* RepoNotifications+Filter.swift */; };
		29C1676C1ECA0D6700439D62 /* RepoNotifications+Filter.swift in Sources */ = {isa = PBXBuildFile; fileRef = 29C1676A1ECA0B0A00439D62 /* RepoNotifications+Filter.swift */; };
		29C167701ECA0D7C00439D62 /* EmptyView.swift in Sources */ = {isa = PBXBuildFile; fileRef = 29C167681ECA016500439D62 /* EmptyView.swift */; };
		29C167711ECA0D7C00439D62 /* Strings.swift in Sources */ = {isa = PBXBuildFile; fileRef = 29C167661ECA005500439D62 /* Strings.swift */; };
		29C167721ECA0D7C00439D62 /* UIView+BottomBorder.swift in Sources */ = {isa = PBXBuildFile; fileRef = 298BA08E1EC90FEE00B01946 /* UIView+BottomBorder.swift */; };
		29C167741ECA0DBB00439D62 /* GithubAPIDateFormatter.swift in Sources */ = {isa = PBXBuildFile; fileRef = 29C167731ECA0DBB00439D62 /* GithubAPIDateFormatter.swift */; };
		29C167751ECA0DC300439D62 /* GithubAPIDateFormatter.swift in Sources */ = {isa = PBXBuildFile; fileRef = 29C167731ECA0DBB00439D62 /* GithubAPIDateFormatter.swift */; };
		29C167761ECA0DE100439D62 /* NSAttributedStringSizing.swift in Sources */ = {isa = PBXBuildFile; fileRef = 298BA08C1EC90A9000B01946 /* NSAttributedStringSizing.swift */; };
		29C167781ECA0F9900439D62 /* RepoNotifications+Fake.swift in Sources */ = {isa = PBXBuildFile; fileRef = 29C167771ECA0F9900439D62 /* RepoNotifications+Fake.swift */; };
		29C295021EC7AF8C00D46CD2 /* NotificationCell.swift in Sources */ = {isa = PBXBuildFile; fileRef = 29C9FDDA1EC6627200EE3A52 /* NotificationCell.swift */; };
		29C295031EC7AF8C00D46CD2 /* NotificationViewModel.swift in Sources */ = {isa = PBXBuildFile; fileRef = 29C9FDDC1EC6628200EE3A52 /* NotificationViewModel.swift */; };
		29C295041EC7AF8C00D46CD2 /* NotificationType+Icon.swift in Sources */ = {isa = PBXBuildFile; fileRef = 29A195091EC78B4800C3E289 /* NotificationType+Icon.swift */; };
		29C295051EC7AF8C00D46CD2 /* NotificationRepoCell.swift in Sources */ = {isa = PBXBuildFile; fileRef = 29A195101EC7AC9500C3E289 /* NotificationRepoCell.swift */; };
		29C295061EC7AF8C00D46CD2 /* NotificationType.swift in Sources */ = {isa = PBXBuildFile; fileRef = 29A1950B1EC7901400C3E289 /* NotificationType.swift */; };
		29C295071EC7AF8C00D46CD2 /* RepoNotificationsSectionController.swift in Sources */ = {isa = PBXBuildFile; fileRef = 29A195121EC7AD2D00C3E289 /* RepoNotificationsSectionController.swift */; };
		29C295081EC7AF8C00D46CD2 /* RepoNotifications.swift in Sources */ = {isa = PBXBuildFile; fileRef = 29A195141EC7AD4A00C3E289 /* RepoNotifications.swift */; };
		29C2950A1EC7AFA500D46CD2 /* ListTestKit.swift in Sources */ = {isa = PBXBuildFile; fileRef = 29C295091EC7AFA500D46CD2 /* ListTestKit.swift */; };
		29C2950B1EC7B16800D46CD2 /* Styles.swift in Sources */ = {isa = PBXBuildFile; fileRef = 29C9FDE01EC667AE00EE3A52 /* Styles.swift */; };
		29C2950C1EC7B16C00D46CD2 /* UIColor+Hex.swift in Sources */ = {isa = PBXBuildFile; fileRef = 29A195011EC66B8B00C3E289 /* UIColor+Hex.swift */; };
		29C2950E1EC7B43B00D46CD2 /* ListKitTestCase.swift in Sources */ = {isa = PBXBuildFile; fileRef = 29C2950D1EC7B43B00D46CD2 /* ListKitTestCase.swift */; };
		29C295101EC7B7FF00D46CD2 /* ShowMoreDetailsLabel.swift in Sources */ = {isa = PBXBuildFile; fileRef = 29C2950F1EC7B7FF00D46CD2 /* ShowMoreDetailsLabel.swift */; };
		29C295111EC7B83200D46CD2 /* ShowMoreDetailsLabel.swift in Sources */ = {isa = PBXBuildFile; fileRef = 29C2950F1EC7B7FF00D46CD2 /* ShowMoreDetailsLabel.swift */; };
		29C295141EC7BAFE00D46CD2 /* NotificationsRequest.swift in Sources */ = {isa = PBXBuildFile; fileRef = 29C295121EC7B9D500D46CD2 /* NotificationsRequest.swift */; };
		29C295171EC7BCDA00D46CD2 /* NotificationsViewController.swift in Sources */ = {isa = PBXBuildFile; fileRef = 29C295151EC7BCCD00D46CD2 /* NotificationsViewController.swift */; };
		29C9FDC51EC65FEE00EE3A52 /* Branch.swift in Sources */ = {isa = PBXBuildFile; fileRef = 29C9FDB11EC65FEE00EE3A52 /* Branch.swift */; };
		29C9FDC61EC65FEE00EE3A52 /* Comment.swift in Sources */ = {isa = PBXBuildFile; fileRef = 29C9FDB21EC65FEE00EE3A52 /* Comment.swift */; };
		29C9FDC71EC65FEE00EE3A52 /* Commit.swift in Sources */ = {isa = PBXBuildFile; fileRef = 29C9FDB31EC65FEE00EE3A52 /* Commit.swift */; };
		29C9FDC81EC65FEE00EE3A52 /* Event.swift in Sources */ = {isa = PBXBuildFile; fileRef = 29C9FDB41EC65FEE00EE3A52 /* Event.swift */; };
		29C9FDC91EC65FEE00EE3A52 /* Html.swift in Sources */ = {isa = PBXBuildFile; fileRef = 29C9FDB51EC65FEE00EE3A52 /* Html.swift */; };
		29C9FDCA1EC65FEE00EE3A52 /* Issue.swift in Sources */ = {isa = PBXBuildFile; fileRef = 29C9FDB61EC65FEE00EE3A52 /* Issue.swift */; };
		29C9FDCB1EC65FEE00EE3A52 /* Label.swift in Sources */ = {isa = PBXBuildFile; fileRef = 29C9FDB71EC65FEE00EE3A52 /* Label.swift */; };
		29C9FDCC1EC65FEE00EE3A52 /* Link.swift in Sources */ = {isa = PBXBuildFile; fileRef = 29C9FDB81EC65FEE00EE3A52 /* Link.swift */; };
		29C9FDCD1EC65FEE00EE3A52 /* Milestone.swift in Sources */ = {isa = PBXBuildFile; fileRef = 29C9FDB91EC65FEE00EE3A52 /* Milestone.swift */; };
		29C9FDCE1EC65FEE00EE3A52 /* Notification.swift in Sources */ = {isa = PBXBuildFile; fileRef = 29C9FDBA1EC65FEE00EE3A52 /* Notification.swift */; };
		29C9FDCF1EC65FEE00EE3A52 /* Organization.swift in Sources */ = {isa = PBXBuildFile; fileRef = 29C9FDBB1EC65FEE00EE3A52 /* Organization.swift */; };
		29C9FDD01EC65FEE00EE3A52 /* Permission.swift in Sources */ = {isa = PBXBuildFile; fileRef = 29C9FDBC1EC65FEE00EE3A52 /* Permission.swift */; };
		29C9FDD11EC65FEE00EE3A52 /* PullRequest.swift in Sources */ = {isa = PBXBuildFile; fileRef = 29C9FDBD1EC65FEE00EE3A52 /* PullRequest.swift */; };
		29C9FDD21EC65FEE00EE3A52 /* Reaction.swift in Sources */ = {isa = PBXBuildFile; fileRef = 29C9FDBE1EC65FEE00EE3A52 /* Reaction.swift */; };
		29C9FDD31EC65FEE00EE3A52 /* Repository.swift in Sources */ = {isa = PBXBuildFile; fileRef = 29C9FDBF1EC65FEE00EE3A52 /* Repository.swift */; };
		29C9FDD41EC65FEE00EE3A52 /* ReviewComment.swift in Sources */ = {isa = PBXBuildFile; fileRef = 29C9FDC01EC65FEE00EE3A52 /* ReviewComment.swift */; };
		29C9FDD51EC65FEE00EE3A52 /* Self_.swift in Sources */ = {isa = PBXBuildFile; fileRef = 29C9FDC11EC65FEE00EE3A52 /* Self_.swift */; };
		29C9FDD61EC65FEE00EE3A52 /* Status.swift in Sources */ = {isa = PBXBuildFile; fileRef = 29C9FDC21EC65FEE00EE3A52 /* Status.swift */; };
		29C9FDD71EC65FEE00EE3A52 /* Subject.swift in Sources */ = {isa = PBXBuildFile; fileRef = 29C9FDC31EC65FEE00EE3A52 /* Subject.swift */; };
		29C9FDD81EC65FEE00EE3A52 /* User.swift in Sources */ = {isa = PBXBuildFile; fileRef = 29C9FDC41EC65FEE00EE3A52 /* User.swift */; };
		29C9FDDB1EC6627200EE3A52 /* NotificationCell.swift in Sources */ = {isa = PBXBuildFile; fileRef = 29C9FDDA1EC6627200EE3A52 /* NotificationCell.swift */; };
		29C9FDDD1EC6628200EE3A52 /* NotificationViewModel.swift in Sources */ = {isa = PBXBuildFile; fileRef = 29C9FDDC1EC6628200EE3A52 /* NotificationViewModel.swift */; };
		29C9FDE11EC667AE00EE3A52 /* Styles.swift in Sources */ = {isa = PBXBuildFile; fileRef = 29C9FDE01EC667AE00EE3A52 /* Styles.swift */; };
		674E68DD8AB2797245D70831 /* Pods_FreetimeTests.framework in Frameworks */ = {isa = PBXBuildFile; fileRef = 9F598351A26924CB8F4CCDA3 /* Pods_FreetimeTests.framework */; };
		DD90977AA501F48119302FB5 /* Pods_Freetime.framework in Frameworks */ = {isa = PBXBuildFile; fileRef = CB244B0359DB993E361ADAC6 /* Pods_Freetime.framework */; };
/* End PBXBuildFile section */

/* Begin PBXContainerItemProxy section */
		297AE8491EC0D58A00B44A1F /* PBXContainerItemProxy */ = {
			isa = PBXContainerItemProxy;
			containerPortal = 297AE82C1EC0D58A00B44A1F /* Project object */;
			proxyType = 1;
			remoteGlobalIDString = 297AE8331EC0D58A00B44A1F;
			remoteInfo = Freetime;
		};
/* End PBXContainerItemProxy section */

/* Begin PBXFileReference section */
		297AE8341EC0D58A00B44A1F /* Freetime.app */ = {isa = PBXFileReference; explicitFileType = wrapper.application; includeInIndex = 0; path = Freetime.app; sourceTree = BUILT_PRODUCTS_DIR; };
		297AE8481EC0D58A00B44A1F /* FreetimeTests.xctest */ = {isa = PBXFileReference; explicitFileType = wrapper.cfbundle; includeInIndex = 0; path = FreetimeTests.xctest; sourceTree = BUILT_PRODUCTS_DIR; };
		297AE84C1EC0D58A00B44A1F /* DateDisplayTests.swift */ = {isa = PBXFileReference; lastKnownFileType = sourcecode.swift; path = DateDisplayTests.swift; sourceTree = "<group>"; };
		297AE84E1EC0D58A00B44A1F /* Info.plist */ = {isa = PBXFileReference; lastKnownFileType = text.plist.xml; path = Info.plist; sourceTree = "<group>"; };
		297AE8591EC0D5C100B44A1F /* GithubLogin.storyboard */ = {isa = PBXFileReference; fileEncoding = 4; lastKnownFileType = file.storyboard; path = GithubLogin.storyboard; sourceTree = "<group>"; };
		297AE85A1EC0D5C100B44A1F /* LoginRequest.swift */ = {isa = PBXFileReference; fileEncoding = 4; lastKnownFileType = sourcecode.swift; path = LoginRequest.swift; sourceTree = "<group>"; };
		297AE85B1EC0D5C100B44A1F /* LoginViewController.swift */ = {isa = PBXFileReference; fileEncoding = 4; lastKnownFileType = sourcecode.swift; path = LoginViewController.swift; sourceTree = "<group>"; };
		297AE85C1EC0D5C100B44A1F /* OnePassword.swift */ = {isa = PBXFileReference; fileEncoding = 4; lastKnownFileType = sourcecode.swift; path = OnePassword.swift; sourceTree = "<group>"; };
		297AE85D1EC0D5C100B44A1F /* TwoFactorViewController.swift */ = {isa = PBXFileReference; fileEncoding = 4; lastKnownFileType = sourcecode.swift; path = TwoFactorViewController.swift; sourceTree = "<group>"; };
		297AE85F1EC0D5C100B44A1F /* App.swift */ = {isa = PBXFileReference; fileEncoding = 4; lastKnownFileType = sourcecode.swift; path = App.swift; sourceTree = "<group>"; };
		297AE8601EC0D5C100B44A1F /* Authorization.swift */ = {isa = PBXFileReference; fileEncoding = 4; lastKnownFileType = sourcecode.swift; path = Authorization.swift; sourceTree = "<group>"; };
		297AE8621EC0D5C100B44A1F /* ErrorMessages.swift */ = {isa = PBXFileReference; fileEncoding = 4; lastKnownFileType = sourcecode.swift; path = ErrorMessages.swift; sourceTree = "<group>"; };
		297AE8631EC0D5C100B44A1F /* Secrets.swift */ = {isa = PBXFileReference; fileEncoding = 4; lastKnownFileType = sourcecode.swift; path = Secrets.swift; sourceTree = "<group>"; };
		297AE8661EC0D5C100B44A1F /* Alamofire+GitHub.swift */ = {isa = PBXFileReference; fileEncoding = 4; lastKnownFileType = sourcecode.swift; path = "Alamofire+GitHub.swift"; sourceTree = "<group>"; };
		297AE8671EC0D5C200B44A1F /* AppDelegate.swift */ = {isa = PBXFileReference; fileEncoding = 4; lastKnownFileType = sourcecode.swift; path = AppDelegate.swift; sourceTree = "<group>"; };
		297AE8691EC0D5C200B44A1F /* UIViewController+Alerts.swift */ = {isa = PBXFileReference; fileEncoding = 4; lastKnownFileType = sourcecode.swift; path = "UIViewController+Alerts.swift"; sourceTree = "<group>"; };
		297AE86A1EC0D5C200B44A1F /* UIViewController+LoadingIndicator.swift */ = {isa = PBXFileReference; fileEncoding = 4; lastKnownFileType = sourcecode.swift; path = "UIViewController+LoadingIndicator.swift"; sourceTree = "<group>"; };
		297AE86E1EC0D5C200B44A1F /* Assets.xcassets */ = {isa = PBXFileReference; lastKnownFileType = folder.assetcatalog; path = Assets.xcassets; sourceTree = "<group>"; };
		297AE8701EC0D5C200B44A1F /* Base */ = {isa = PBXFileReference; lastKnownFileType = file.storyboard; name = Base; path = Base.lproj/LaunchScreen.storyboard; sourceTree = "<group>"; };
		297AE8721EC0D5C200B44A1F /* Base */ = {isa = PBXFileReference; lastKnownFileType = file.storyboard; name = Base; path = Base.lproj/Main.storyboard; sourceTree = "<group>"; };
		297AE8731EC0D5C200B44A1F /* Info.plist */ = {isa = PBXFileReference; fileEncoding = 4; lastKnownFileType = text.plist.xml; path = Info.plist; sourceTree = "<group>"; };
		298BA08A1EC9031E00B01946 /* RepoNotifications+Notification.swift */ = {isa = PBXFileReference; fileEncoding = 4; lastKnownFileType = sourcecode.swift; path = "RepoNotifications+Notification.swift"; sourceTree = "<group>"; };
		298BA08C1EC90A9000B01946 /* NSAttributedStringSizing.swift */ = {isa = PBXFileReference; fileEncoding = 4; lastKnownFileType = sourcecode.swift; path = NSAttributedStringSizing.swift; sourceTree = "<group>"; };
		298BA08E1EC90FEE00B01946 /* UIView+BottomBorder.swift */ = {isa = PBXFileReference; fileEncoding = 4; lastKnownFileType = sourcecode.swift; path = "UIView+BottomBorder.swift"; sourceTree = "<group>"; };
		298BA0951EC947F100B01946 /* SegmentedControlCell.swift */ = {isa = PBXFileReference; fileEncoding = 4; lastKnownFileType = sourcecode.swift; path = SegmentedControlCell.swift; sourceTree = "<group>"; };
		298BA0961EC947F100B01946 /* SegmentedControlSectionController.swift */ = {isa = PBXFileReference; fileEncoding = 4; lastKnownFileType = sourcecode.swift; path = SegmentedControlSectionController.swift; sourceTree = "<group>"; };
		298BA0991EC947FC00B01946 /* SegmentedControlModel.swift */ = {isa = PBXFileReference; fileEncoding = 4; lastKnownFileType = sourcecode.swift; path = SegmentedControlModel.swift; sourceTree = "<group>"; };
		299F2A111EC3BCF0006CE9D7 /* GithubSession.swift */ = {isa = PBXFileReference; fileEncoding = 4; lastKnownFileType = sourcecode.swift; path = GithubSession.swift; sourceTree = "<group>"; };
		29A195011EC66B8B00C3E289 /* UIColor+Hex.swift */ = {isa = PBXFileReference; fileEncoding = 4; lastKnownFileType = sourcecode.swift; path = "UIColor+Hex.swift"; sourceTree = "<group>"; };
		29A195031EC74C4800C3E289 /* Date+Display.swift */ = {isa = PBXFileReference; fileEncoding = 4; lastKnownFileType = sourcecode.swift; path = "Date+Display.swift"; sourceTree = "<group>"; };
		29A195061EC7601000C3E289 /* Localizable.stringsdict */ = {isa = PBXFileReference; fileEncoding = 4; lastKnownFileType = text.plist.stringsdict; path = Localizable.stringsdict; sourceTree = "<group>"; };
		29A195091EC78B4800C3E289 /* NotificationType+Icon.swift */ = {isa = PBXFileReference; fileEncoding = 4; lastKnownFileType = sourcecode.swift; path = "NotificationType+Icon.swift"; sourceTree = "<group>"; };
		29A1950B1EC7901400C3E289 /* NotificationType.swift */ = {isa = PBXFileReference; fileEncoding = 4; lastKnownFileType = sourcecode.swift; path = NotificationType.swift; sourceTree = "<group>"; };
		29A1950D1EC791BD00C3E289 /* LabelPopover.playground */ = {isa = PBXFileReference; lastKnownFileType = file.playground; path = LabelPopover.playground; sourceTree = "<group>"; };
		29A195101EC7AC9500C3E289 /* NotificationRepoCell.swift */ = {isa = PBXFileReference; fileEncoding = 4; lastKnownFileType = sourcecode.swift; path = NotificationRepoCell.swift; sourceTree = "<group>"; };
		29A195121EC7AD2D00C3E289 /* RepoNotificationsSectionController.swift */ = {isa = PBXFileReference; fileEncoding = 4; lastKnownFileType = sourcecode.swift; path = RepoNotificationsSectionController.swift; sourceTree = "<group>"; };
		29A195141EC7AD4A00C3E289 /* RepoNotifications.swift */ = {isa = PBXFileReference; fileEncoding = 4; lastKnownFileType = sourcecode.swift; path = RepoNotifications.swift; sourceTree = "<group>"; };
		29A195181EC7AF6800C3E289 /* NotificationsTests.swift */ = {isa = PBXFileReference; fileEncoding = 4; lastKnownFileType = sourcecode.swift; path = NotificationsTests.swift; sourceTree = "<group>"; };
		29C167661ECA005500439D62 /* Strings.swift */ = {isa = PBXFileReference; fileEncoding = 4; lastKnownFileType = sourcecode.swift; path = Strings.swift; sourceTree = "<group>"; };
		29C167681ECA016500439D62 /* EmptyView.swift */ = {isa = PBXFileReference; fileEncoding = 4; lastKnownFileType = sourcecode.swift; path = EmptyView.swift; sourceTree = "<group>"; };
		29C1676A1ECA0B0A00439D62 /* RepoNotifications+Filter.swift */ = {isa = PBXFileReference; fileEncoding = 4; lastKnownFileType = sourcecode.swift; path = "RepoNotifications+Filter.swift"; sourceTree = "<group>"; };
		29C167731ECA0DBB00439D62 /* GithubAPIDateFormatter.swift */ = {isa = PBXFileReference; fileEncoding = 4; lastKnownFileType = sourcecode.swift; path = GithubAPIDateFormatter.swift; sourceTree = "<group>"; };
		29C167771ECA0F9900439D62 /* RepoNotifications+Fake.swift */ = {isa = PBXFileReference; fileEncoding = 4; lastKnownFileType = sourcecode.swift; path = "RepoNotifications+Fake.swift"; sourceTree = "<group>"; };
		29C295091EC7AFA500D46CD2 /* ListTestKit.swift */ = {isa = PBXFileReference; fileEncoding = 4; lastKnownFileType = sourcecode.swift; path = ListTestKit.swift; sourceTree = "<group>"; };
		29C2950D1EC7B43B00D46CD2 /* ListKitTestCase.swift */ = {isa = PBXFileReference; fileEncoding = 4; lastKnownFileType = sourcecode.swift; path = ListKitTestCase.swift; sourceTree = "<group>"; };
		29C2950F1EC7B7FF00D46CD2 /* ShowMoreDetailsLabel.swift */ = {isa = PBXFileReference; fileEncoding = 4; lastKnownFileType = sourcecode.swift; path = ShowMoreDetailsLabel.swift; sourceTree = "<group>"; };
		29C295121EC7B9D500D46CD2 /* NotificationsRequest.swift */ = {isa = PBXFileReference; fileEncoding = 4; lastKnownFileType = sourcecode.swift; path = NotificationsRequest.swift; sourceTree = "<group>"; };
		29C295151EC7BCCD00D46CD2 /* NotificationsViewController.swift */ = {isa = PBXFileReference; fileEncoding = 4; lastKnownFileType = sourcecode.swift; path = NotificationsViewController.swift; sourceTree = "<group>"; };
		29C9FDB11EC65FEE00EE3A52 /* Branch.swift */ = {isa = PBXFileReference; fileEncoding = 4; lastKnownFileType = sourcecode.swift; path = Branch.swift; sourceTree = "<group>"; };
		29C9FDB21EC65FEE00EE3A52 /* Comment.swift */ = {isa = PBXFileReference; fileEncoding = 4; lastKnownFileType = sourcecode.swift; path = Comment.swift; sourceTree = "<group>"; };
		29C9FDB31EC65FEE00EE3A52 /* Commit.swift */ = {isa = PBXFileReference; fileEncoding = 4; lastKnownFileType = sourcecode.swift; path = Commit.swift; sourceTree = "<group>"; };
		29C9FDB41EC65FEE00EE3A52 /* Event.swift */ = {isa = PBXFileReference; fileEncoding = 4; lastKnownFileType = sourcecode.swift; path = Event.swift; sourceTree = "<group>"; };
		29C9FDB51EC65FEE00EE3A52 /* Html.swift */ = {isa = PBXFileReference; fileEncoding = 4; lastKnownFileType = sourcecode.swift; path = Html.swift; sourceTree = "<group>"; };
		29C9FDB61EC65FEE00EE3A52 /* Issue.swift */ = {isa = PBXFileReference; fileEncoding = 4; lastKnownFileType = sourcecode.swift; path = Issue.swift; sourceTree = "<group>"; };
		29C9FDB71EC65FEE00EE3A52 /* Label.swift */ = {isa = PBXFileReference; fileEncoding = 4; lastKnownFileType = sourcecode.swift; path = Label.swift; sourceTree = "<group>"; };
		29C9FDB81EC65FEE00EE3A52 /* Link.swift */ = {isa = PBXFileReference; fileEncoding = 4; lastKnownFileType = sourcecode.swift; path = Link.swift; sourceTree = "<group>"; };
		29C9FDB91EC65FEE00EE3A52 /* Milestone.swift */ = {isa = PBXFileReference; fileEncoding = 4; lastKnownFileType = sourcecode.swift; path = Milestone.swift; sourceTree = "<group>"; };
		29C9FDBA1EC65FEE00EE3A52 /* Notification.swift */ = {isa = PBXFileReference; fileEncoding = 4; lastKnownFileType = sourcecode.swift; path = Notification.swift; sourceTree = "<group>"; };
		29C9FDBB1EC65FEE00EE3A52 /* Organization.swift */ = {isa = PBXFileReference; fileEncoding = 4; lastKnownFileType = sourcecode.swift; path = Organization.swift; sourceTree = "<group>"; };
		29C9FDBC1EC65FEE00EE3A52 /* Permission.swift */ = {isa = PBXFileReference; fileEncoding = 4; lastKnownFileType = sourcecode.swift; path = Permission.swift; sourceTree = "<group>"; };
		29C9FDBD1EC65FEE00EE3A52 /* PullRequest.swift */ = {isa = PBXFileReference; fileEncoding = 4; lastKnownFileType = sourcecode.swift; path = PullRequest.swift; sourceTree = "<group>"; };
		29C9FDBE1EC65FEE00EE3A52 /* Reaction.swift */ = {isa = PBXFileReference; fileEncoding = 4; lastKnownFileType = sourcecode.swift; path = Reaction.swift; sourceTree = "<group>"; };
		29C9FDBF1EC65FEE00EE3A52 /* Repository.swift */ = {isa = PBXFileReference; fileEncoding = 4; lastKnownFileType = sourcecode.swift; path = Repository.swift; sourceTree = "<group>"; };
		29C9FDC01EC65FEE00EE3A52 /* ReviewComment.swift */ = {isa = PBXFileReference; fileEncoding = 4; lastKnownFileType = sourcecode.swift; path = ReviewComment.swift; sourceTree = "<group>"; };
		29C9FDC11EC65FEE00EE3A52 /* Self_.swift */ = {isa = PBXFileReference; fileEncoding = 4; lastKnownFileType = sourcecode.swift; path = Self_.swift; sourceTree = "<group>"; };
		29C9FDC21EC65FEE00EE3A52 /* Status.swift */ = {isa = PBXFileReference; fileEncoding = 4; lastKnownFileType = sourcecode.swift; path = Status.swift; sourceTree = "<group>"; };
		29C9FDC31EC65FEE00EE3A52 /* Subject.swift */ = {isa = PBXFileReference; fileEncoding = 4; lastKnownFileType = sourcecode.swift; path = Subject.swift; sourceTree = "<group>"; };
		29C9FDC41EC65FEE00EE3A52 /* User.swift */ = {isa = PBXFileReference; fileEncoding = 4; lastKnownFileType = sourcecode.swift; path = User.swift; sourceTree = "<group>"; };
		29C9FDDA1EC6627200EE3A52 /* NotificationCell.swift */ = {isa = PBXFileReference; fileEncoding = 4; lastKnownFileType = sourcecode.swift; path = NotificationCell.swift; sourceTree = "<group>"; };
		29C9FDDC1EC6628200EE3A52 /* NotificationViewModel.swift */ = {isa = PBXFileReference; fileEncoding = 4; lastKnownFileType = sourcecode.swift; path = NotificationViewModel.swift; sourceTree = "<group>"; };
		29C9FDE01EC667AE00EE3A52 /* Styles.swift */ = {isa = PBXFileReference; fileEncoding = 4; lastKnownFileType = sourcecode.swift; path = Styles.swift; sourceTree = "<group>"; };
		29F63FD01EC530BD007F55E4 /* Github API.playground */ = {isa = PBXFileReference; lastKnownFileType = file.playground; path = "Github API.playground"; sourceTree = "<group>"; };
		29F63FD11EC530E7007F55E4 /* TextViews.playground */ = {isa = PBXFileReference; lastKnownFileType = file.playground; path = TextViews.playground; sourceTree = "<group>"; };
		3F72412896DBFA26D5A721E9 /* Pods-Freetime.release.xcconfig */ = {isa = PBXFileReference; includeInIndex = 1; lastKnownFileType = text.xcconfig; name = "Pods-Freetime.release.xcconfig"; path = "Pods/Target Support Files/Pods-Freetime/Pods-Freetime.release.xcconfig"; sourceTree = "<group>"; };
		9F598351A26924CB8F4CCDA3 /* Pods_FreetimeTests.framework */ = {isa = PBXFileReference; explicitFileType = wrapper.framework; includeInIndex = 0; path = Pods_FreetimeTests.framework; sourceTree = BUILT_PRODUCTS_DIR; };
		CB244B0359DB993E361ADAC6 /* Pods_Freetime.framework */ = {isa = PBXFileReference; explicitFileType = wrapper.framework; includeInIndex = 0; path = Pods_Freetime.framework; sourceTree = BUILT_PRODUCTS_DIR; };
		F14A2A3CCA583A9AB4314A71 /* Pods-FreetimeTests.release.xcconfig */ = {isa = PBXFileReference; includeInIndex = 1; lastKnownFileType = text.xcconfig; name = "Pods-FreetimeTests.release.xcconfig"; path = "Pods/Target Support Files/Pods-FreetimeTests/Pods-FreetimeTests.release.xcconfig"; sourceTree = "<group>"; };
		F79E33118067C850234431F1 /* Pods-Freetime.debug.xcconfig */ = {isa = PBXFileReference; includeInIndex = 1; lastKnownFileType = text.xcconfig; name = "Pods-Freetime.debug.xcconfig"; path = "Pods/Target Support Files/Pods-Freetime/Pods-Freetime.debug.xcconfig"; sourceTree = "<group>"; };
		FDB6F28C8C8653575BF96FCB /* Pods-FreetimeTests.debug.xcconfig */ = {isa = PBXFileReference; includeInIndex = 1; lastKnownFileType = text.xcconfig; name = "Pods-FreetimeTests.debug.xcconfig"; path = "Pods/Target Support Files/Pods-FreetimeTests/Pods-FreetimeTests.debug.xcconfig"; sourceTree = "<group>"; };
/* End PBXFileReference section */

/* Begin PBXFrameworksBuildPhase section */
		297AE8311EC0D58A00B44A1F /* Frameworks */ = {
			isa = PBXFrameworksBuildPhase;
			buildActionMask = 2147483647;
			files = (
				DD90977AA501F48119302FB5 /* Pods_Freetime.framework in Frameworks */,
			);
			runOnlyForDeploymentPostprocessing = 0;
		};
		297AE8451EC0D58A00B44A1F /* Frameworks */ = {
			isa = PBXFrameworksBuildPhase;
			buildActionMask = 2147483647;
			files = (
				674E68DD8AB2797245D70831 /* Pods_FreetimeTests.framework in Frameworks */,
			);
			runOnlyForDeploymentPostprocessing = 0;
		};
/* End PBXFrameworksBuildPhase section */

/* Begin PBXGroup section */
		297AE82B1EC0D58A00B44A1F = {
			isa = PBXGroup;
			children = (
				29A1950D1EC791BD00C3E289 /* LabelPopover.playground */,
				29F63FD11EC530E7007F55E4 /* TextViews.playground */,
				29F63FD01EC530BD007F55E4 /* Github API.playground */,
				297AE8571EC0D5C100B44A1F /* Classes */,
				297AE86D1EC0D5C200B44A1F /* Resources */,
				297AE84B1EC0D58A00B44A1F /* FreetimeTests */,
				297AE8351EC0D58A00B44A1F /* Products */,
				408D21D24BB2680C4B296FCE /* Pods */,
				CF4CC0BFE456879DD6DBC714 /* Frameworks */,
			);
			sourceTree = "<group>";
		};
		297AE8351EC0D58A00B44A1F /* Products */ = {
			isa = PBXGroup;
			children = (
				297AE8341EC0D58A00B44A1F /* Freetime.app */,
				297AE8481EC0D58A00B44A1F /* FreetimeTests.xctest */,
			);
			name = Products;
			sourceTree = "<group>";
		};
		297AE84B1EC0D58A00B44A1F /* FreetimeTests */ = {
			isa = PBXGroup;
			children = (
				297AE84C1EC0D58A00B44A1F /* DateDisplayTests.swift */,
				297AE84E1EC0D58A00B44A1F /* Info.plist */,
				29A195181EC7AF6800C3E289 /* NotificationsTests.swift */,
				29C2950D1EC7B43B00D46CD2 /* ListKitTestCase.swift */,
				29C295091EC7AFA500D46CD2 /* ListTestKit.swift */,
			);
			path = FreetimeTests;
			sourceTree = "<group>";
		};
		297AE8571EC0D5C100B44A1F /* Classes */ = {
			isa = PBXGroup;
			children = (
				297AE8581EC0D5C100B44A1F /* Login */,
				297AE85E1EC0D5C100B44A1F /* Models */,
				29C9FDD91EC6613F00EE3A52 /* Notifications */,
				297AE8611EC0D5C100B44A1F /* Other */,
				297AE8641EC0D5C100B44A1F /* Section Controllers */,
				297AE8651EC0D5C100B44A1F /* Systems */,
				297AE8681EC0D5C200B44A1F /* View Controllers */,
				297AE86B1EC0D5C200B44A1F /* View Models */,
				297AE86C1EC0D5C200B44A1F /* Views */,
			);
			path = Classes;
			sourceTree = "<group>";
		};
		297AE8581EC0D5C100B44A1F /* Login */ = {
			isa = PBXGroup;
			children = (
				297AE8591EC0D5C100B44A1F /* GithubLogin.storyboard */,
				297AE85A1EC0D5C100B44A1F /* LoginRequest.swift */,
				297AE85B1EC0D5C100B44A1F /* LoginViewController.swift */,
				297AE85C1EC0D5C100B44A1F /* OnePassword.swift */,
				297AE85D1EC0D5C100B44A1F /* TwoFactorViewController.swift */,
			);
			path = Login;
			sourceTree = "<group>";
		};
		297AE85E1EC0D5C100B44A1F /* Models */ = {
			isa = PBXGroup;
			children = (
				297AE85F1EC0D5C100B44A1F /* App.swift */,
				297AE8601EC0D5C100B44A1F /* Authorization.swift */,
				29C9FDB11EC65FEE00EE3A52 /* Branch.swift */,
				29C9FDB21EC65FEE00EE3A52 /* Comment.swift */,
				29C9FDB31EC65FEE00EE3A52 /* Commit.swift */,
				29C9FDB41EC65FEE00EE3A52 /* Event.swift */,
				29C9FDB51EC65FEE00EE3A52 /* Html.swift */,
				29C9FDB61EC65FEE00EE3A52 /* Issue.swift */,
				29C9FDB71EC65FEE00EE3A52 /* Label.swift */,
				29C9FDB81EC65FEE00EE3A52 /* Link.swift */,
				29C9FDB91EC65FEE00EE3A52 /* Milestone.swift */,
				29C9FDBA1EC65FEE00EE3A52 /* Notification.swift */,
				29C9FDBB1EC65FEE00EE3A52 /* Organization.swift */,
				29C9FDBC1EC65FEE00EE3A52 /* Permission.swift */,
				29C9FDBD1EC65FEE00EE3A52 /* PullRequest.swift */,
				29C9FDBE1EC65FEE00EE3A52 /* Reaction.swift */,
				29C9FDBF1EC65FEE00EE3A52 /* Repository.swift */,
				29C9FDC01EC65FEE00EE3A52 /* ReviewComment.swift */,
				29C9FDC11EC65FEE00EE3A52 /* Self_.swift */,
				29C9FDC21EC65FEE00EE3A52 /* Status.swift */,
				29C9FDC31EC65FEE00EE3A52 /* Subject.swift */,
				29C9FDC41EC65FEE00EE3A52 /* User.swift */,
			);
			path = Models;
			sourceTree = "<group>";
		};
		297AE8611EC0D5C100B44A1F /* Other */ = {
			isa = PBXGroup;
			children = (
				297AE8621EC0D5C100B44A1F /* ErrorMessages.swift */,
				297AE8631EC0D5C100B44A1F /* Secrets.swift */,
			);
			path = Other;
			sourceTree = "<group>";
		};
		297AE8641EC0D5C100B44A1F /* Section Controllers */ = {
			isa = PBXGroup;
			children = (
				298BA0941EC947F100B01946 /* SegmentedControl */,
			);
			path = "Section Controllers";
			sourceTree = "<group>";
		};
		297AE8651EC0D5C100B44A1F /* Systems */ = {
			isa = PBXGroup;
			children = (
				297AE8661EC0D5C100B44A1F /* Alamofire+GitHub.swift */,
				29C167731ECA0DBB00439D62 /* GithubAPIDateFormatter.swift */,
				297AE8671EC0D5C200B44A1F /* AppDelegate.swift */,
				299F2A111EC3BCF0006CE9D7 /* GithubSession.swift */,
				298BA08C1EC90A9000B01946 /* NSAttributedStringSizing.swift */,
			);
			path = Systems;
			sourceTree = "<group>";
		};
		297AE8681EC0D5C200B44A1F /* View Controllers */ = {
			isa = PBXGroup;
			children = (
				297AE8691EC0D5C200B44A1F /* UIViewController+Alerts.swift */,
				297AE86A1EC0D5C200B44A1F /* UIViewController+LoadingIndicator.swift */,
			);
			path = "View Controllers";
			sourceTree = "<group>";
		};
		297AE86B1EC0D5C200B44A1F /* View Models */ = {
			isa = PBXGroup;
			children = (
			);
			path = "View Models";
			sourceTree = "<group>";
		};
		297AE86C1EC0D5C200B44A1F /* Views */ = {
			isa = PBXGroup;
			children = (
				29A195031EC74C4800C3E289 /* Date+Display.swift */,
				29C167681ECA016500439D62 /* EmptyView.swift */,
				29C2950F1EC7B7FF00D46CD2 /* ShowMoreDetailsLabel.swift */,
				29C167661ECA005500439D62 /* Strings.swift */,
				29C9FDE01EC667AE00EE3A52 /* Styles.swift */,
				29A195011EC66B8B00C3E289 /* UIColor+Hex.swift */,
				298BA08E1EC90FEE00B01946 /* UIView+BottomBorder.swift */,
			);
			path = Views;
			sourceTree = "<group>";
		};
		297AE86D1EC0D5C200B44A1F /* Resources */ = {
			isa = PBXGroup;
			children = (
				297AE86E1EC0D5C200B44A1F /* Assets.xcassets */,
				297AE86F1EC0D5C200B44A1F /* LaunchScreen.storyboard */,
				297AE8711EC0D5C200B44A1F /* Main.storyboard */,
				297AE8731EC0D5C200B44A1F /* Info.plist */,
				29A195061EC7601000C3E289 /* Localizable.stringsdict */,
			);
			path = Resources;
			sourceTree = "<group>";
		};
		298BA0941EC947F100B01946 /* SegmentedControl */ = {
			isa = PBXGroup;
			children = (
				298BA0951EC947F100B01946 /* SegmentedControlCell.swift */,
				298BA0991EC947FC00B01946 /* SegmentedControlModel.swift */,
				298BA0961EC947F100B01946 /* SegmentedControlSectionController.swift */,
			);
			path = SegmentedControl;
			sourceTree = "<group>";
		};
		29C9FDD91EC6613F00EE3A52 /* Notifications */ = {
			isa = PBXGroup;
			children = (
				29C9FDDA1EC6627200EE3A52 /* NotificationCell.swift */,
				29A195101EC7AC9500C3E289 /* NotificationRepoCell.swift */,
				29C295121EC7B9D500D46CD2 /* NotificationsRequest.swift */,
				29C295151EC7BCCD00D46CD2 /* NotificationsViewController.swift */,
				29A1950B1EC7901400C3E289 /* NotificationType.swift */,
				29A195091EC78B4800C3E289 /* NotificationType+Icon.swift */,
				29C9FDDC1EC6628200EE3A52 /* NotificationViewModel.swift */,
				29A195141EC7AD4A00C3E289 /* RepoNotifications.swift */,
				29C167771ECA0F9900439D62 /* RepoNotifications+Fake.swift */,
				29C1676A1ECA0B0A00439D62 /* RepoNotifications+Filter.swift */,
				298BA08A1EC9031E00B01946 /* RepoNotifications+Notification.swift */,
				29A195121EC7AD2D00C3E289 /* RepoNotificationsSectionController.swift */,
			);
			path = Notifications;
			sourceTree = "<group>";
		};
		408D21D24BB2680C4B296FCE /* Pods */ = {
			isa = PBXGroup;
			children = (
				F79E33118067C850234431F1 /* Pods-Freetime.debug.xcconfig */,
				3F72412896DBFA26D5A721E9 /* Pods-Freetime.release.xcconfig */,
				FDB6F28C8C8653575BF96FCB /* Pods-FreetimeTests.debug.xcconfig */,
				F14A2A3CCA583A9AB4314A71 /* Pods-FreetimeTests.release.xcconfig */,
			);
			name = Pods;
			sourceTree = "<group>";
		};
		CF4CC0BFE456879DD6DBC714 /* Frameworks */ = {
			isa = PBXGroup;
			children = (
				CB244B0359DB993E361ADAC6 /* Pods_Freetime.framework */,
				9F598351A26924CB8F4CCDA3 /* Pods_FreetimeTests.framework */,
			);
			name = Frameworks;
			sourceTree = "<group>";
		};
/* End PBXGroup section */

/* Begin PBXNativeTarget section */
		297AE8331EC0D58A00B44A1F /* Freetime */ = {
			isa = PBXNativeTarget;
			buildConfigurationList = 297AE8511EC0D58A00B44A1F /* Build configuration list for PBXNativeTarget "Freetime" */;
			buildPhases = (
				85B5726193A3C3A9229E0FD9 /* [CP] Check Pods Manifest.lock */,
				297AE8301EC0D58A00B44A1F /* Sources */,
				297AE8311EC0D58A00B44A1F /* Frameworks */,
				297AE8321EC0D58A00B44A1F /* Resources */,
				FE3202C6698C4BD3C4722F31 /* [CP] Embed Pods Frameworks */,
				DE198372B82E5C9AC3006E7E /* [CP] Copy Pods Resources */,
			);
			buildRules = (
			);
			dependencies = (
			);
			name = Freetime;
			productName = Freetime;
			productReference = 297AE8341EC0D58A00B44A1F /* Freetime.app */;
			productType = "com.apple.product-type.application";
		};
		297AE8471EC0D58A00B44A1F /* FreetimeTests */ = {
			isa = PBXNativeTarget;
			buildConfigurationList = 297AE8541EC0D58A00B44A1F /* Build configuration list for PBXNativeTarget "FreetimeTests" */;
			buildPhases = (
				8BC17DA7024E581806A6A189 /* [CP] Check Pods Manifest.lock */,
				297AE8441EC0D58A00B44A1F /* Sources */,
				297AE8451EC0D58A00B44A1F /* Frameworks */,
				297AE8461EC0D58A00B44A1F /* Resources */,
				2ED8245B12ABB65AECB2E42D /* [CP] Embed Pods Frameworks */,
				494E5798E2A7EBE485048985 /* [CP] Copy Pods Resources */,
			);
			buildRules = (
			);
			dependencies = (
				297AE84A1EC0D58A00B44A1F /* PBXTargetDependency */,
			);
			name = FreetimeTests;
			productName = FreetimeTests;
			productReference = 297AE8481EC0D58A00B44A1F /* FreetimeTests.xctest */;
			productType = "com.apple.product-type.bundle.unit-test";
		};
/* End PBXNativeTarget section */

/* Begin PBXProject section */
		297AE82C1EC0D58A00B44A1F /* Project object */ = {
			isa = PBXProject;
			attributes = {
				LastSwiftUpdateCheck = 0830;
				LastUpgradeCheck = 0830;
				ORGANIZATIONNAME = "Ryan Nystrom";
				TargetAttributes = {
					297AE8331EC0D58A00B44A1F = {
						CreatedOnToolsVersion = 8.3.2;
						DevelopmentTeam = 523C4DWBTH;
						ProvisioningStyle = Automatic;
					};
					297AE8471EC0D58A00B44A1F = {
						CreatedOnToolsVersion = 8.3.2;
						DevelopmentTeam = 523C4DWBTH;
						ProvisioningStyle = Automatic;
						TestTargetID = 297AE8331EC0D58A00B44A1F;
					};
				};
			};
			buildConfigurationList = 297AE82F1EC0D58A00B44A1F /* Build configuration list for PBXProject "Freetime" */;
			compatibilityVersion = "Xcode 3.2";
			developmentRegion = English;
			hasScannedForEncodings = 0;
			knownRegions = (
				en,
				Base,
			);
			mainGroup = 297AE82B1EC0D58A00B44A1F;
			productRefGroup = 297AE8351EC0D58A00B44A1F /* Products */;
			projectDirPath = "";
			projectRoot = "";
			targets = (
				297AE8331EC0D58A00B44A1F /* Freetime */,
				297AE8471EC0D58A00B44A1F /* FreetimeTests */,
			);
		};
/* End PBXProject section */

/* Begin PBXResourcesBuildPhase section */
		297AE8321EC0D58A00B44A1F /* Resources */ = {
			isa = PBXResourcesBuildPhase;
			buildActionMask = 2147483647;
			files = (
				297AE8821EC0D5C200B44A1F /* LaunchScreen.storyboard in Resources */,
				297AE8811EC0D5C200B44A1F /* Assets.xcassets in Resources */,
				297AE8741EC0D5C200B44A1F /* GithubLogin.storyboard in Resources */,
				29A195071EC7601000C3E289 /* Localizable.stringsdict in Resources */,
				297AE8831EC0D5C200B44A1F /* Main.storyboard in Resources */,
			);
			runOnlyForDeploymentPostprocessing = 0;
		};
		297AE8461EC0D58A00B44A1F /* Resources */ = {
			isa = PBXResourcesBuildPhase;
			buildActionMask = 2147483647;
			files = (
				29A195081EC7602500C3E289 /* Localizable.stringsdict in Resources */,
			);
			runOnlyForDeploymentPostprocessing = 0;
		};
/* End PBXResourcesBuildPhase section */

/* Begin PBXShellScriptBuildPhase section */
		2ED8245B12ABB65AECB2E42D /* [CP] Embed Pods Frameworks */ = {
			isa = PBXShellScriptBuildPhase;
			buildActionMask = 2147483647;
			files = (
			);
			inputPaths = (
			);
			name = "[CP] Embed Pods Frameworks";
			outputPaths = (
			);
			runOnlyForDeploymentPostprocessing = 0;
			shellPath = /bin/sh;
			shellScript = "\"${SRCROOT}/Pods/Target Support Files/Pods-FreetimeTests/Pods-FreetimeTests-frameworks.sh\"\n";
			showEnvVarsInLog = 0;
		};
		494E5798E2A7EBE485048985 /* [CP] Copy Pods Resources */ = {
			isa = PBXShellScriptBuildPhase;
			buildActionMask = 2147483647;
			files = (
			);
			inputPaths = (
			);
			name = "[CP] Copy Pods Resources";
			outputPaths = (
			);
			runOnlyForDeploymentPostprocessing = 0;
			shellPath = /bin/sh;
			shellScript = "\"${SRCROOT}/Pods/Target Support Files/Pods-FreetimeTests/Pods-FreetimeTests-resources.sh\"\n";
			showEnvVarsInLog = 0;
		};
		85B5726193A3C3A9229E0FD9 /* [CP] Check Pods Manifest.lock */ = {
			isa = PBXShellScriptBuildPhase;
			buildActionMask = 2147483647;
			files = (
			);
			inputPaths = (
			);
			name = "[CP] Check Pods Manifest.lock";
			outputPaths = (
			);
			runOnlyForDeploymentPostprocessing = 0;
			shellPath = /bin/sh;
			shellScript = "diff \"${PODS_ROOT}/../Podfile.lock\" \"${PODS_ROOT}/Manifest.lock\" > /dev/null\nif [ $? != 0 ] ; then\n    # print error to STDERR\n    echo \"error: The sandbox is not in sync with the Podfile.lock. Run 'pod install' or update your CocoaPods installation.\" >&2\n    exit 1\nfi\n";
			showEnvVarsInLog = 0;
		};
		8BC17DA7024E581806A6A189 /* [CP] Check Pods Manifest.lock */ = {
			isa = PBXShellScriptBuildPhase;
			buildActionMask = 2147483647;
			files = (
			);
			inputPaths = (
			);
			name = "[CP] Check Pods Manifest.lock";
			outputPaths = (
			);
			runOnlyForDeploymentPostprocessing = 0;
			shellPath = /bin/sh;
			shellScript = "diff \"${PODS_ROOT}/../Podfile.lock\" \"${PODS_ROOT}/Manifest.lock\" > /dev/null\nif [ $? != 0 ] ; then\n    # print error to STDERR\n    echo \"error: The sandbox is not in sync with the Podfile.lock. Run 'pod install' or update your CocoaPods installation.\" >&2\n    exit 1\nfi\n";
			showEnvVarsInLog = 0;
		};
		DE198372B82E5C9AC3006E7E /* [CP] Copy Pods Resources */ = {
			isa = PBXShellScriptBuildPhase;
			buildActionMask = 2147483647;
			files = (
			);
			inputPaths = (
			);
			name = "[CP] Copy Pods Resources";
			outputPaths = (
			);
			runOnlyForDeploymentPostprocessing = 0;
			shellPath = /bin/sh;
			shellScript = "\"${SRCROOT}/Pods/Target Support Files/Pods-Freetime/Pods-Freetime-resources.sh\"\n";
			showEnvVarsInLog = 0;
		};
		FE3202C6698C4BD3C4722F31 /* [CP] Embed Pods Frameworks */ = {
			isa = PBXShellScriptBuildPhase;
			buildActionMask = 2147483647;
			files = (
			);
			inputPaths = (
			);
			name = "[CP] Embed Pods Frameworks";
			outputPaths = (
			);
			runOnlyForDeploymentPostprocessing = 0;
			shellPath = /bin/sh;
			shellScript = "\"${SRCROOT}/Pods/Target Support Files/Pods-Freetime/Pods-Freetime-frameworks.sh\"\n";
			showEnvVarsInLog = 0;
		};
/* End PBXShellScriptBuildPhase section */

/* Begin PBXSourcesBuildPhase section */
		297AE8301EC0D58A00B44A1F /* Sources */ = {
			isa = PBXSourcesBuildPhase;
			buildActionMask = 2147483647;
			files = (
				297AE87B1EC0D5C200B44A1F /* ErrorMessages.swift in Sources */,
				29C9FDD71EC65FEE00EE3A52 /* Subject.swift in Sources */,
				29C9FDDD1EC6628200EE3A52 /* NotificationViewModel.swift in Sources */,
				297AE87F1EC0D5C200B44A1F /* UIViewController+Alerts.swift in Sources */,
				29C9FDDB1EC6627200EE3A52 /* NotificationCell.swift in Sources */,
				29C9FDD21EC65FEE00EE3A52 /* Reaction.swift in Sources */,
				29C9FDC91EC65FEE00EE3A52 /* Html.swift in Sources */,
				29C9FDC71EC65FEE00EE3A52 /* Commit.swift in Sources */,
				299F2A121EC3BCF0006CE9D7 /* GithubSession.swift in Sources */,
				29A195021EC66B8B00C3E289 /* UIColor+Hex.swift in Sources */,
				29C167691ECA016500439D62 /* EmptyView.swift in Sources */,
				29C9FDCB1EC65FEE00EE3A52 /* Label.swift in Sources */,
				29A1950A1EC78B4800C3E289 /* NotificationType+Icon.swift in Sources */,
				29C9FDD31EC65FEE00EE3A52 /* Repository.swift in Sources */,
				29C167741ECA0DBB00439D62 /* GithubAPIDateFormatter.swift in Sources */,
				29C9FDD11EC65FEE00EE3A52 /* PullRequest.swift in Sources */,
				29C9FDD01EC65FEE00EE3A52 /* Permission.swift in Sources */,
				29C1676B1ECA0B0A00439D62 /* RepoNotifications+Filter.swift in Sources */,
				29C9FDE11EC667AE00EE3A52 /* Styles.swift in Sources */,
				297AE87C1EC0D5C200B44A1F /* Secrets.swift in Sources */,
				298BA08B1EC9031E00B01946 /* RepoNotifications+Notification.swift in Sources */,
				29C9FDD61EC65FEE00EE3A52 /* Status.swift in Sources */,
				297AE87D1EC0D5C200B44A1F /* Alamofire+GitHub.swift in Sources */,
				298BA09A1EC947FC00B01946 /* SegmentedControlModel.swift in Sources */,
				298BA0981EC947F100B01946 /* SegmentedControlSectionController.swift in Sources */,
				297AE8781EC0D5C200B44A1F /* TwoFactorViewController.swift in Sources */,
				29C9FDC51EC65FEE00EE3A52 /* Branch.swift in Sources */,
				297AE8801EC0D5C200B44A1F /* UIViewController+LoadingIndicator.swift in Sources */,
				29C9FDC81EC65FEE00EE3A52 /* Event.swift in Sources */,
				29A195111EC7AC9500C3E289 /* NotificationRepoCell.swift in Sources */,
				298BA08F1EC90FEE00B01946 /* UIView+BottomBorder.swift in Sources */,
				297AE8761EC0D5C200B44A1F /* LoginViewController.swift in Sources */,
				297AE8751EC0D5C200B44A1F /* LoginRequest.swift in Sources */,
				29C9FDCC1EC65FEE00EE3A52 /* Link.swift in Sources */,
				29C295141EC7BAFE00D46CD2 /* NotificationsRequest.swift in Sources */,
				298BA08D1EC90A9000B01946 /* NSAttributedStringSizing.swift in Sources */,
				29A1950C1EC7901400C3E289 /* NotificationType.swift in Sources */,
				29C9FDCD1EC65FEE00EE3A52 /* Milestone.swift in Sources */,
				29C167781ECA0F9900439D62 /* RepoNotifications+Fake.swift in Sources */,
				29A195151EC7AD4A00C3E289 /* RepoNotifications.swift in Sources */,
				29A195041EC74C4800C3E289 /* Date+Display.swift in Sources */,
				29A195131EC7AD2D00C3E289 /* RepoNotificationsSectionController.swift in Sources */,
				298BA0971EC947F100B01946 /* SegmentedControlCell.swift in Sources */,
				29C9FDC61EC65FEE00EE3A52 /* Comment.swift in Sources */,
				29C9FDD81EC65FEE00EE3A52 /* User.swift in Sources */,
				29C167671ECA005500439D62 /* Strings.swift in Sources */,
				29C9FDCF1EC65FEE00EE3A52 /* Organization.swift in Sources */,
				29C9FDCA1EC65FEE00EE3A52 /* Issue.swift in Sources */,
				297AE87A1EC0D5C200B44A1F /* Authorization.swift in Sources */,
				29C295171EC7BCDA00D46CD2 /* NotificationsViewController.swift in Sources */,
				29C9FDD51EC65FEE00EE3A52 /* Self_.swift in Sources */,
				29C295111EC7B83200D46CD2 /* ShowMoreDetailsLabel.swift in Sources */,
				29C9FDD41EC65FEE00EE3A52 /* ReviewComment.swift in Sources */,
				29C9FDCE1EC65FEE00EE3A52 /* Notification.swift in Sources */,
				297AE8791EC0D5C200B44A1F /* App.swift in Sources */,
				297AE87E1EC0D5C200B44A1F /* AppDelegate.swift in Sources */,
				297AE8771EC0D5C200B44A1F /* OnePassword.swift in Sources */,
			);
			runOnlyForDeploymentPostprocessing = 0;
		};
		297AE8441EC0D58A00B44A1F /* Sources */ = {
			isa = PBXSourcesBuildPhase;
			buildActionMask = 2147483647;
			files = (
				29C295021EC7AF8C00D46CD2 /* NotificationCell.swift in Sources */,
				29C295041EC7AF8C00D46CD2 /* NotificationType+Icon.swift in Sources */,
				29C167761ECA0DE100439D62 /* NSAttributedStringSizing.swift in Sources */,
				29C2950E1EC7B43B00D46CD2 /* ListKitTestCase.swift in Sources */,
				29C167721ECA0D7C00439D62 /* UIView+BottomBorder.swift in Sources */,
				29C2950A1EC7AFA500D46CD2 /* ListTestKit.swift in Sources */,
				29C2950B1EC7B16800D46CD2 /* Styles.swift in Sources */,
				29C167751ECA0DC300439D62 /* GithubAPIDateFormatter.swift in Sources */,
				29C295061EC7AF8C00D46CD2 /* NotificationType.swift in Sources */,
				29C295031EC7AF8C00D46CD2 /* NotificationViewModel.swift in Sources */,
				29C295051EC7AF8C00D46CD2 /* NotificationRepoCell.swift in Sources */,
				29A195051EC75F3D00C3E289 /* Date+Display.swift in Sources */,
				29C295101EC7B7FF00D46CD2 /* ShowMoreDetailsLabel.swift in Sources */,
				29C1676C1ECA0D6700439D62 /* RepoNotifications+Filter.swift in Sources */,
				29C167711ECA0D7C00439D62 /* Strings.swift in Sources */,
				29C295071EC7AF8C00D46CD2 /* RepoNotificationsSectionController.swift in Sources */,
				29C2950C1EC7B16C00D46CD2 /* UIColor+Hex.swift in Sources */,
				297AE84D1EC0D58A00B44A1F /* DateDisplayTests.swift in Sources */,
				29C167701ECA0D7C00439D62 /* EmptyView.swift in Sources */,
				29C295081EC7AF8C00D46CD2 /* RepoNotifications.swift in Sources */,
				29A195191EC7AF6800C3E289 /* NotificationsTests.swift in Sources */,
			);
			runOnlyForDeploymentPostprocessing = 0;
		};
/* End PBXSourcesBuildPhase section */

/* Begin PBXTargetDependency section */
		297AE84A1EC0D58A00B44A1F /* PBXTargetDependency */ = {
			isa = PBXTargetDependency;
			target = 297AE8331EC0D58A00B44A1F /* Freetime */;
			targetProxy = 297AE8491EC0D58A00B44A1F /* PBXContainerItemProxy */;
		};
/* End PBXTargetDependency section */

/* Begin PBXVariantGroup section */
		297AE86F1EC0D5C200B44A1F /* LaunchScreen.storyboard */ = {
			isa = PBXVariantGroup;
			children = (
				297AE8701EC0D5C200B44A1F /* Base */,
			);
			name = LaunchScreen.storyboard;
			sourceTree = "<group>";
		};
		297AE8711EC0D5C200B44A1F /* Main.storyboard */ = {
			isa = PBXVariantGroup;
			children = (
				297AE8721EC0D5C200B44A1F /* Base */,
			);
			name = Main.storyboard;
			sourceTree = "<group>";
		};
/* End PBXVariantGroup section */

/* Begin XCBuildConfiguration section */
		297AE84F1EC0D58A00B44A1F /* Debug */ = {
			isa = XCBuildConfiguration;
			buildSettings = {
				ALWAYS_SEARCH_USER_PATHS = NO;
				CLANG_ANALYZER_NONNULL = YES;
				CLANG_ANALYZER_NUMBER_OBJECT_CONVERSION = YES_AGGRESSIVE;
				CLANG_CXX_LANGUAGE_STANDARD = "gnu++0x";
				CLANG_CXX_LIBRARY = "libc++";
				CLANG_ENABLE_MODULES = YES;
				CLANG_ENABLE_OBJC_ARC = YES;
				CLANG_WARN_BOOL_CONVERSION = YES;
				CLANG_WARN_CONSTANT_CONVERSION = YES;
				CLANG_WARN_DIRECT_OBJC_ISA_USAGE = YES_ERROR;
				CLANG_WARN_DOCUMENTATION_COMMENTS = YES;
				CLANG_WARN_EMPTY_BODY = YES;
				CLANG_WARN_ENUM_CONVERSION = YES;
				CLANG_WARN_INFINITE_RECURSION = YES;
				CLANG_WARN_INT_CONVERSION = YES;
				CLANG_WARN_OBJC_ROOT_CLASS = YES_ERROR;
				CLANG_WARN_SUSPICIOUS_MOVE = YES;
				CLANG_WARN_UNREACHABLE_CODE = YES;
				CLANG_WARN__DUPLICATE_METHOD_MATCH = YES;
				"CODE_SIGN_IDENTITY[sdk=iphoneos*]" = "iPhone Developer";
				COPY_PHASE_STRIP = NO;
				DEBUG_INFORMATION_FORMAT = dwarf;
				ENABLE_STRICT_OBJC_MSGSEND = YES;
				ENABLE_TESTABILITY = YES;
				GCC_C_LANGUAGE_STANDARD = gnu99;
				GCC_DYNAMIC_NO_PIC = NO;
				GCC_NO_COMMON_BLOCKS = YES;
				GCC_OPTIMIZATION_LEVEL = 0;
				GCC_PREPROCESSOR_DEFINITIONS = (
					"DEBUG=1",
					"$(inherited)",
				);
				GCC_WARN_64_TO_32_BIT_CONVERSION = YES;
				GCC_WARN_ABOUT_RETURN_TYPE = YES_ERROR;
				GCC_WARN_UNDECLARED_SELECTOR = YES;
				GCC_WARN_UNINITIALIZED_AUTOS = YES_AGGRESSIVE;
				GCC_WARN_UNUSED_FUNCTION = YES;
				GCC_WARN_UNUSED_VARIABLE = YES;
				IPHONEOS_DEPLOYMENT_TARGET = 10.3;
				MTL_ENABLE_DEBUG_INFO = YES;
				ONLY_ACTIVE_ARCH = YES;
				SDKROOT = iphoneos;
				SWIFT_ACTIVE_COMPILATION_CONDITIONS = DEBUG;
				SWIFT_OPTIMIZATION_LEVEL = "-Onone";
				TARGETED_DEVICE_FAMILY = "1,2";
			};
			name = Debug;
		};
		297AE8501EC0D58A00B44A1F /* Release */ = {
			isa = XCBuildConfiguration;
			buildSettings = {
				ALWAYS_SEARCH_USER_PATHS = NO;
				CLANG_ANALYZER_NONNULL = YES;
				CLANG_ANALYZER_NUMBER_OBJECT_CONVERSION = YES_AGGRESSIVE;
				CLANG_CXX_LANGUAGE_STANDARD = "gnu++0x";
				CLANG_CXX_LIBRARY = "libc++";
				CLANG_ENABLE_MODULES = YES;
				CLANG_ENABLE_OBJC_ARC = YES;
				CLANG_WARN_BOOL_CONVERSION = YES;
				CLANG_WARN_CONSTANT_CONVERSION = YES;
				CLANG_WARN_DIRECT_OBJC_ISA_USAGE = YES_ERROR;
				CLANG_WARN_DOCUMENTATION_COMMENTS = YES;
				CLANG_WARN_EMPTY_BODY = YES;
				CLANG_WARN_ENUM_CONVERSION = YES;
				CLANG_WARN_INFINITE_RECURSION = YES;
				CLANG_WARN_INT_CONVERSION = YES;
				CLANG_WARN_OBJC_ROOT_CLASS = YES_ERROR;
				CLANG_WARN_SUSPICIOUS_MOVE = YES;
				CLANG_WARN_UNREACHABLE_CODE = YES;
				CLANG_WARN__DUPLICATE_METHOD_MATCH = YES;
				"CODE_SIGN_IDENTITY[sdk=iphoneos*]" = "iPhone Developer";
				COPY_PHASE_STRIP = NO;
				DEBUG_INFORMATION_FORMAT = "dwarf-with-dsym";
				ENABLE_NS_ASSERTIONS = NO;
				ENABLE_STRICT_OBJC_MSGSEND = YES;
				GCC_C_LANGUAGE_STANDARD = gnu99;
				GCC_NO_COMMON_BLOCKS = YES;
				GCC_WARN_64_TO_32_BIT_CONVERSION = YES;
				GCC_WARN_ABOUT_RETURN_TYPE = YES_ERROR;
				GCC_WARN_UNDECLARED_SELECTOR = YES;
				GCC_WARN_UNINITIALIZED_AUTOS = YES_AGGRESSIVE;
				GCC_WARN_UNUSED_FUNCTION = YES;
				GCC_WARN_UNUSED_VARIABLE = YES;
				IPHONEOS_DEPLOYMENT_TARGET = 10.3;
				MTL_ENABLE_DEBUG_INFO = NO;
				SDKROOT = iphoneos;
				SWIFT_OPTIMIZATION_LEVEL = "-Owholemodule";
				TARGETED_DEVICE_FAMILY = "1,2";
				VALIDATE_PRODUCT = YES;
			};
			name = Release;
		};
		297AE8521EC0D58A00B44A1F /* Debug */ = {
			isa = XCBuildConfiguration;
			baseConfigurationReference = F79E33118067C850234431F1 /* Pods-Freetime.debug.xcconfig */;
			buildSettings = {
				ASSETCATALOG_COMPILER_APPICON_NAME = AppIcon;
				DEVELOPMENT_TEAM = 523C4DWBTH;
				INFOPLIST_FILE = Resources/Info.plist;
				LD_RUNPATH_SEARCH_PATHS = "$(inherited) @executable_path/Frameworks";
				PRODUCT_BUNDLE_IDENTIFIER = com.whoisryannystrom.Freetime;
				PRODUCT_NAME = "$(TARGET_NAME)";
				SWIFT_VERSION = 3.0;
			};
			name = Debug;
		};
		297AE8531EC0D58A00B44A1F /* Release */ = {
			isa = XCBuildConfiguration;
			baseConfigurationReference = 3F72412896DBFA26D5A721E9 /* Pods-Freetime.release.xcconfig */;
			buildSettings = {
				ASSETCATALOG_COMPILER_APPICON_NAME = AppIcon;
				DEVELOPMENT_TEAM = 523C4DWBTH;
				INFOPLIST_FILE = Resources/Info.plist;
				LD_RUNPATH_SEARCH_PATHS = "$(inherited) @executable_path/Frameworks";
				PRODUCT_BUNDLE_IDENTIFIER = com.whoisryannystrom.Freetime;
				PRODUCT_NAME = "$(TARGET_NAME)";
				SWIFT_VERSION = 3.0;
			};
			name = Release;
		};
		297AE8551EC0D58A00B44A1F /* Debug */ = {
			isa = XCBuildConfiguration;
			baseConfigurationReference = FDB6F28C8C8653575BF96FCB /* Pods-FreetimeTests.debug.xcconfig */;
			buildSettings = {
				ALWAYS_EMBED_SWIFT_STANDARD_LIBRARIES = YES;
				BUNDLE_LOADER = "$(TEST_HOST)";
				DEVELOPMENT_TEAM = 523C4DWBTH;
				INFOPLIST_FILE = FreetimeTests/Info.plist;
				LD_RUNPATH_SEARCH_PATHS = "$(inherited) @executable_path/Frameworks @loader_path/Frameworks";
				PRODUCT_BUNDLE_IDENTIFIER = com.whoisryannystrom.FreetimeTests;
				PRODUCT_NAME = "$(TARGET_NAME)";
				SWIFT_VERSION = 3.0;
				TEST_HOST = "$(BUILT_PRODUCTS_DIR)/Freetime.app/Freetime";
			};
			name = Debug;
		};
		297AE8561EC0D58A00B44A1F /* Release */ = {
			isa = XCBuildConfiguration;
			baseConfigurationReference = F14A2A3CCA583A9AB4314A71 /* Pods-FreetimeTests.release.xcconfig */;
			buildSettings = {
				ALWAYS_EMBED_SWIFT_STANDARD_LIBRARIES = YES;
				BUNDLE_LOADER = "$(TEST_HOST)";
				DEVELOPMENT_TEAM = 523C4DWBTH;
				INFOPLIST_FILE = FreetimeTests/Info.plist;
				LD_RUNPATH_SEARCH_PATHS = "$(inherited) @executable_path/Frameworks @loader_path/Frameworks";
				PRODUCT_BUNDLE_IDENTIFIER = com.whoisryannystrom.FreetimeTests;
				PRODUCT_NAME = "$(TARGET_NAME)";
				SWIFT_VERSION = 3.0;
				TEST_HOST = "$(BUILT_PRODUCTS_DIR)/Freetime.app/Freetime";
			};
			name = Release;
		};
/* End XCBuildConfiguration section */

/* Begin XCConfigurationList section */
		297AE82F1EC0D58A00B44A1F /* Build configuration list for PBXProject "Freetime" */ = {
			isa = XCConfigurationList;
			buildConfigurations = (
				297AE84F1EC0D58A00B44A1F /* Debug */,
				297AE8501EC0D58A00B44A1F /* Release */,
			);
			defaultConfigurationIsVisible = 0;
			defaultConfigurationName = Release;
		};
		297AE8511EC0D58A00B44A1F /* Build configuration list for PBXNativeTarget "Freetime" */ = {
			isa = XCConfigurationList;
			buildConfigurations = (
				297AE8521EC0D58A00B44A1F /* Debug */,
				297AE8531EC0D58A00B44A1F /* Release */,
			);
			defaultConfigurationIsVisible = 0;
			defaultConfigurationName = Release;
		};
		297AE8541EC0D58A00B44A1F /* Build configuration list for PBXNativeTarget "FreetimeTests" */ = {
			isa = XCConfigurationList;
			buildConfigurations = (
				297AE8551EC0D58A00B44A1F /* Debug */,
				297AE8561EC0D58A00B44A1F /* Release */,
			);
			defaultConfigurationIsVisible = 0;
			defaultConfigurationName = Release;
		};
/* End XCConfigurationList section */
	};
	rootObject = 297AE82C1EC0D58A00B44A1F /* Project object */;
}
