// !$*UTF8*$!
{
	archiveVersion = 1;
	classes = {
	};
	objectVersion = 46;
	objects = {

/* Begin PBXBuildFile section */
		29A66DB8A334B6F45E8462EA /* Pods_Gitter.framework in Frameworks */ = {isa = PBXBuildFile; fileRef = 44A237030C14804830013B29 /* Pods_Gitter.framework */; };
		29A945621EBEC5FD0021EB80 /* Secrets.swift in Sources */ = {isa = PBXBuildFile; fileRef = 29A945611EBEC5FD0021EB80 /* Secrets.swift */; };
		29E74AAA1EB6CF9100BF54BD /* AppDelegate.swift in Sources */ = {isa = PBXBuildFile; fileRef = 29E74A9E1EB6CF9100BF54BD /* AppDelegate.swift */; };
		29E74AAB1EB6CF9100BF54BD /* ViewController.swift in Sources */ = {isa = PBXBuildFile; fileRef = 29E74AA01EB6CF9100BF54BD /* ViewController.swift */; };
		29E74AAC1EB6CF9100BF54BD /* Assets.xcassets in Resources */ = {isa = PBXBuildFile; fileRef = 29E74AA41EB6CF9100BF54BD /* Assets.xcassets */; };
		29E74AAD1EB6CF9100BF54BD /* LaunchScreen.storyboard in Resources */ = {isa = PBXBuildFile; fileRef = 29E74AA51EB6CF9100BF54BD /* LaunchScreen.storyboard */; };
		29E74AAE1EB6CF9100BF54BD /* Main.storyboard in Resources */ = {isa = PBXBuildFile; fileRef = 29E74AA71EB6CF9100BF54BD /* Main.storyboard */; };
		29E74AB71EB6D08200BF54BD /* GitterTests.swift in Sources */ = {isa = PBXBuildFile; fileRef = 29E74AB61EB6D08200BF54BD /* GitterTests.swift */; };
/* End PBXBuildFile section */

/* Begin PBXContainerItemProxy section */
		29E74AB91EB6D08200BF54BD /* PBXContainerItemProxy */ = {
			isa = PBXContainerItemProxy;
			containerPortal = 29E74A7D1EB6CCFE00BF54BD /* Project object */;
			proxyType = 1;
			remoteGlobalIDString = 29E74A841EB6CCFE00BF54BD;
			remoteInfo = Gitter;
		};
/* End PBXContainerItemProxy section */

/* Begin PBXCopyFilesBuildPhase section */
		29E74AD31EB6D26F00BF54BD /* Embed Frameworks */ = {
			isa = PBXCopyFilesBuildPhase;
			buildActionMask = 2147483647;
			dstPath = "";
			dstSubfolderSpec = 10;
			files = (
			);
			name = "Embed Frameworks";
			runOnlyForDeploymentPostprocessing = 0;
		};
/* End PBXCopyFilesBuildPhase section */

/* Begin PBXFileReference section */
		18E691BF554DC54963CE2789 /* Pods-Gitter.release.xcconfig */ = {isa = PBXFileReference; includeInIndex = 1; lastKnownFileType = text.xcconfig; name = "Pods-Gitter.release.xcconfig"; path = "Pods/Target Support Files/Pods-Gitter/Pods-Gitter.release.xcconfig"; sourceTree = "<group>"; };
		29A945611EBEC5FD0021EB80 /* Secrets.swift */ = {isa = PBXFileReference; fileEncoding = 4; lastKnownFileType = sourcecode.swift; path = Secrets.swift; sourceTree = "<group>"; };
		29E74A851EB6CCFE00BF54BD /* Gitter.app */ = {isa = PBXFileReference; explicitFileType = wrapper.application; includeInIndex = 0; path = Gitter.app; sourceTree = BUILT_PRODUCTS_DIR; };
		29E74A9E1EB6CF9100BF54BD /* AppDelegate.swift */ = {isa = PBXFileReference; fileEncoding = 4; lastKnownFileType = sourcecode.swift; path = AppDelegate.swift; sourceTree = "<group>"; };
		29E74AA01EB6CF9100BF54BD /* ViewController.swift */ = {isa = PBXFileReference; fileEncoding = 4; lastKnownFileType = sourcecode.swift; path = ViewController.swift; sourceTree = "<group>"; };
		29E74AA41EB6CF9100BF54BD /* Assets.xcassets */ = {isa = PBXFileReference; lastKnownFileType = folder.assetcatalog; path = Assets.xcassets; sourceTree = "<group>"; };
		29E74AA61EB6CF9100BF54BD /* Base */ = {isa = PBXFileReference; lastKnownFileType = file.storyboard; name = Base; path = Base.lproj/LaunchScreen.storyboard; sourceTree = "<group>"; };
		29E74AA81EB6CF9100BF54BD /* Base */ = {isa = PBXFileReference; lastKnownFileType = file.storyboard; name = Base; path = Base.lproj/Main.storyboard; sourceTree = "<group>"; };
		29E74AA91EB6CF9100BF54BD /* Info.plist */ = {isa = PBXFileReference; fileEncoding = 4; lastKnownFileType = text.plist.xml; path = Info.plist; sourceTree = "<group>"; };
		29E74AB41EB6D08200BF54BD /* GitterTests.xctest */ = {isa = PBXFileReference; explicitFileType = wrapper.cfbundle; includeInIndex = 0; path = GitterTests.xctest; sourceTree = BUILT_PRODUCTS_DIR; };
		29E74AB61EB6D08200BF54BD /* GitterTests.swift */ = {isa = PBXFileReference; lastKnownFileType = sourcecode.swift; path = GitterTests.swift; sourceTree = "<group>"; };
		29E74AB81EB6D08200BF54BD /* Info.plist */ = {isa = PBXFileReference; lastKnownFileType = text.plist.xml; path = Info.plist; sourceTree = "<group>"; };
		44A237030C14804830013B29 /* Pods_Gitter.framework */ = {isa = PBXFileReference; explicitFileType = wrapper.framework; includeInIndex = 0; path = Pods_Gitter.framework; sourceTree = BUILT_PRODUCTS_DIR; };
		90AA31408597A01E0DB1F84A /* Pods-Gitter.debug.xcconfig */ = {isa = PBXFileReference; includeInIndex = 1; lastKnownFileType = text.xcconfig; name = "Pods-Gitter.debug.xcconfig"; path = "Pods/Target Support Files/Pods-Gitter/Pods-Gitter.debug.xcconfig"; sourceTree = "<group>"; };
/* End PBXFileReference section */

/* Begin PBXFrameworksBuildPhase section */
		29E74A821EB6CCFE00BF54BD /* Frameworks */ = {
			isa = PBXFrameworksBuildPhase;
			buildActionMask = 2147483647;
			files = (
				29A66DB8A334B6F45E8462EA /* Pods_Gitter.framework in Frameworks */,
			);
			runOnlyForDeploymentPostprocessing = 0;
		};
		29E74AB11EB6D08200BF54BD /* Frameworks */ = {
			isa = PBXFrameworksBuildPhase;
			buildActionMask = 2147483647;
			files = (
			);
			runOnlyForDeploymentPostprocessing = 0;
		};
/* End PBXFrameworksBuildPhase section */

/* Begin PBXGroup section */
		12F052D75C0A4428C1431686 /* Frameworks */ = {
			isa = PBXGroup;
			children = (
				44A237030C14804830013B29 /* Pods_Gitter.framework */,
			);
			name = Frameworks;
			sourceTree = "<group>";
		};
		29A945601EBEC5EF0021EB80 /* Other */ = {
			isa = PBXGroup;
			children = (
				29A945611EBEC5FD0021EB80 /* Secrets.swift */,
			);
			path = Other;
			sourceTree = "<group>";
		};
		29E74A7C1EB6CCFE00BF54BD = {
			isa = PBXGroup;
			children = (
				29E74A871EB6CCFE00BF54BD /* Gitter */,
				29E74AB51EB6D08200BF54BD /* GitterTests */,
				29E74A861EB6CCFE00BF54BD /* Products */,
				EBA98B77115B14E6DA02D551 /* Pods */,
				12F052D75C0A4428C1431686 /* Frameworks */,
			);
			sourceTree = "<group>";
		};
		29E74A861EB6CCFE00BF54BD /* Products */ = {
			isa = PBXGroup;
			children = (
				29E74A851EB6CCFE00BF54BD /* Gitter.app */,
				29E74AB41EB6D08200BF54BD /* GitterTests.xctest */,
			);
			name = Products;
			sourceTree = "<group>";
		};
		29E74A871EB6CCFE00BF54BD /* Gitter */ = {
			isa = PBXGroup;
			children = (
				29E74A9A1EB6CF9100BF54BD /* Classes */,
				29E74AA31EB6CF9100BF54BD /* Resources */,
			);
			path = Gitter;
			sourceTree = "<group>";
		};
		29E74A9A1EB6CF9100BF54BD /* Classes */ = {
			isa = PBXGroup;
			children = (
				29E74A9B1EB6CF9100BF54BD /* Models */,
				29A945601EBEC5EF0021EB80 /* Other */,
				29E74A9C1EB6CF9100BF54BD /* Section Controllers */,
				29E74A9D1EB6CF9100BF54BD /* Systems */,
				29E74A9F1EB6CF9100BF54BD /* View Controllers */,
				29E74AA11EB6CF9100BF54BD /* View Models */,
				29E74AA21EB6CF9100BF54BD /* Views */,
			);
			path = Classes;
			sourceTree = "<group>";
		};
		29E74A9B1EB6CF9100BF54BD /* Models */ = {
			isa = PBXGroup;
			children = (
			);
			path = Models;
			sourceTree = "<group>";
		};
		29E74A9C1EB6CF9100BF54BD /* Section Controllers */ = {
			isa = PBXGroup;
			children = (
			);
			path = "Section Controllers";
			sourceTree = "<group>";
		};
		29E74A9D1EB6CF9100BF54BD /* Systems */ = {
			isa = PBXGroup;
			children = (
				29E74A9E1EB6CF9100BF54BD /* AppDelegate.swift */,
			);
			path = Systems;
			sourceTree = "<group>";
		};
		29E74A9F1EB6CF9100BF54BD /* View Controllers */ = {
			isa = PBXGroup;
			children = (
				29E74AA01EB6CF9100BF54BD /* ViewController.swift */,
			);
			path = "View Controllers";
			sourceTree = "<group>";
		};
		29E74AA11EB6CF9100BF54BD /* View Models */ = {
			isa = PBXGroup;
			children = (
			);
			path = "View Models";
			sourceTree = "<group>";
		};
		29E74AA21EB6CF9100BF54BD /* Views */ = {
			isa = PBXGroup;
			children = (
			);
			path = Views;
			sourceTree = "<group>";
		};
		29E74AA31EB6CF9100BF54BD /* Resources */ = {
			isa = PBXGroup;
			children = (
				29E74AA41EB6CF9100BF54BD /* Assets.xcassets */,
				29E74AA51EB6CF9100BF54BD /* LaunchScreen.storyboard */,
				29E74AA71EB6CF9100BF54BD /* Main.storyboard */,
				29E74AA91EB6CF9100BF54BD /* Info.plist */,
			);
			path = Resources;
			sourceTree = "<group>";
		};
		29E74AB51EB6D08200BF54BD /* GitterTests */ = {
			isa = PBXGroup;
			children = (
				29E74AB61EB6D08200BF54BD /* GitterTests.swift */,
				29E74AB81EB6D08200BF54BD /* Info.plist */,
			);
			path = GitterTests;
			sourceTree = "<group>";
		};
		EBA98B77115B14E6DA02D551 /* Pods */ = {
			isa = PBXGroup;
			children = (
				90AA31408597A01E0DB1F84A /* Pods-Gitter.debug.xcconfig */,
				18E691BF554DC54963CE2789 /* Pods-Gitter.release.xcconfig */,
			);
			name = Pods;
			sourceTree = "<group>";
		};
/* End PBXGroup section */

/* Begin PBXNativeTarget section */
		29E74A841EB6CCFE00BF54BD /* Gitter */ = {
			isa = PBXNativeTarget;
			buildConfigurationList = 29E74A971EB6CCFE00BF54BD /* Build configuration list for PBXNativeTarget "Gitter" */;
			buildPhases = (
				44DAE10602824E69FB4D8530 /* [CP] Check Pods Manifest.lock */,
				29E74A811EB6CCFE00BF54BD /* Sources */,
				29E74A821EB6CCFE00BF54BD /* Frameworks */,
				29E74A831EB6CCFE00BF54BD /* Resources */,
				F919CC00026D92F6AC9A4406 /* [CP] Embed Pods Frameworks */,
				7A7CB8EFF3D6B388517ACC37 /* [CP] Copy Pods Resources */,
				29E74AD31EB6D26F00BF54BD /* Embed Frameworks */,
			);
			buildRules = (
			);
			dependencies = (
			);
			name = Gitter;
			productName = Gitter;
			productReference = 29E74A851EB6CCFE00BF54BD /* Gitter.app */;
			productType = "com.apple.product-type.application";
		};
		29E74AB31EB6D08200BF54BD /* GitterTests */ = {
			isa = PBXNativeTarget;
			buildConfigurationList = 29E74ABD1EB6D08200BF54BD /* Build configuration list for PBXNativeTarget "GitterTests" */;
			buildPhases = (
				29E74AB01EB6D08200BF54BD /* Sources */,
				29E74AB11EB6D08200BF54BD /* Frameworks */,
				29E74AB21EB6D08200BF54BD /* Resources */,
			);
			buildRules = (
			);
			dependencies = (
				29E74ABA1EB6D08200BF54BD /* PBXTargetDependency */,
			);
			name = GitterTests;
			productName = GitterTests;
			productReference = 29E74AB41EB6D08200BF54BD /* GitterTests.xctest */;
			productType = "com.apple.product-type.bundle.unit-test";
		};
/* End PBXNativeTarget section */

/* Begin PBXProject section */
		29E74A7D1EB6CCFE00BF54BD /* Project object */ = {
			isa = PBXProject;
			attributes = {
				LastSwiftUpdateCheck = 0830;
				LastUpgradeCheck = 0830;
				ORGANIZATIONNAME = "Ryan Nystrom";
				TargetAttributes = {
					29E74A841EB6CCFE00BF54BD = {
						CreatedOnToolsVersion = 8.3.1;
						DevelopmentTeam = 523C4DWBTH;
						ProvisioningStyle = Automatic;
					};
					29E74AB31EB6D08200BF54BD = {
						CreatedOnToolsVersion = 8.3.1;
						DevelopmentTeam = 523C4DWBTH;
						ProvisioningStyle = Automatic;
						TestTargetID = 29E74A841EB6CCFE00BF54BD;
					};
				};
			};
			buildConfigurationList = 29E74A801EB6CCFE00BF54BD /* Build configuration list for PBXProject "Gitter" */;
			compatibilityVersion = "Xcode 3.2";
			developmentRegion = English;
			hasScannedForEncodings = 0;
			knownRegions = (
				en,
				Base,
			);
			mainGroup = 29E74A7C1EB6CCFE00BF54BD;
			productRefGroup = 29E74A861EB6CCFE00BF54BD /* Products */;
			projectDirPath = "";
			projectRoot = "";
			targets = (
				29E74A841EB6CCFE00BF54BD /* Gitter */,
				29E74AB31EB6D08200BF54BD /* GitterTests */,
			);
		};
/* End PBXProject section */

/* Begin PBXResourcesBuildPhase section */
		29E74A831EB6CCFE00BF54BD /* Resources */ = {
			isa = PBXResourcesBuildPhase;
			buildActionMask = 2147483647;
			files = (
				29E74AAE1EB6CF9100BF54BD /* Main.storyboard in Resources */,
				29E74AAC1EB6CF9100BF54BD /* Assets.xcassets in Resources */,
				29E74AAD1EB6CF9100BF54BD /* LaunchScreen.storyboard in Resources */,
			);
			runOnlyForDeploymentPostprocessing = 0;
		};
		29E74AB21EB6D08200BF54BD /* Resources */ = {
			isa = PBXResourcesBuildPhase;
			buildActionMask = 2147483647;
			files = (
			);
			runOnlyForDeploymentPostprocessing = 0;
		};
/* End PBXResourcesBuildPhase section */

/* Begin PBXShellScriptBuildPhase section */
		44DAE10602824E69FB4D8530 /* [CP] Check Pods Manifest.lock */ = {
			isa = PBXShellScriptBuildPhase;
			buildActionMask = 2147483647;
			files = (
			);
			inputPaths = (
			);
			name = "[CP] Check Pods Manifest.lock";
			outputPaths = (
			);
			runOnlyForDeploymentPostprocessing = 0;
			shellPath = /bin/sh;
			shellScript = "diff \"${PODS_ROOT}/../Podfile.lock\" \"${PODS_ROOT}/Manifest.lock\" > /dev/null\nif [ $? != 0 ] ; then\n    # print error to STDERR\n    echo \"error: The sandbox is not in sync with the Podfile.lock. Run 'pod install' or update your CocoaPods installation.\" >&2\n    exit 1\nfi\n";
			showEnvVarsInLog = 0;
		};
		7A7CB8EFF3D6B388517ACC37 /* [CP] Copy Pods Resources */ = {
			isa = PBXShellScriptBuildPhase;
			buildActionMask = 2147483647;
			files = (
			);
			inputPaths = (
			);
			name = "[CP] Copy Pods Resources";
			outputPaths = (
			);
			runOnlyForDeploymentPostprocessing = 0;
			shellPath = /bin/sh;
			shellScript = "\"${SRCROOT}/Pods/Target Support Files/Pods-Gitter/Pods-Gitter-resources.sh\"\n";
			showEnvVarsInLog = 0;
		};
		F919CC00026D92F6AC9A4406 /* [CP] Embed Pods Frameworks */ = {
			isa = PBXShellScriptBuildPhase;
			buildActionMask = 2147483647;
			files = (
			);
			inputPaths = (
			);
			name = "[CP] Embed Pods Frameworks";
			outputPaths = (
			);
			runOnlyForDeploymentPostprocessing = 0;
			shellPath = /bin/sh;
			shellScript = "\"${SRCROOT}/Pods/Target Support Files/Pods-Gitter/Pods-Gitter-frameworks.sh\"\n";
			showEnvVarsInLog = 0;
		};
/* End PBXShellScriptBuildPhase section */

/* Begin PBXSourcesBuildPhase section */
		29E74A811EB6CCFE00BF54BD /* Sources */ = {
			isa = PBXSourcesBuildPhase;
			buildActionMask = 2147483647;
			files = (
				29E74AAB1EB6CF9100BF54BD /* ViewController.swift in Sources */,
				29A945621EBEC5FD0021EB80 /* Secrets.swift in Sources */,
				29E74AAA1EB6CF9100BF54BD /* AppDelegate.swift in Sources */,
			);
			runOnlyForDeploymentPostprocessing = 0;
		};
		29E74AB01EB6D08200BF54BD /* Sources */ = {
			isa = PBXSourcesBuildPhase;
			buildActionMask = 2147483647;
			files = (
				29E74AB71EB6D08200BF54BD /* GitterTests.swift in Sources */,
			);
			runOnlyForDeploymentPostprocessing = 0;
		};
/* End PBXSourcesBuildPhase section */

/* Begin PBXTargetDependency section */
		29E74ABA1EB6D08200BF54BD /* PBXTargetDependency */ = {
			isa = PBXTargetDependency;
			target = 29E74A841EB6CCFE00BF54BD /* Gitter */;
			targetProxy = 29E74AB91EB6D08200BF54BD /* PBXContainerItemProxy */;
		};
/* End PBXTargetDependency section */

/* Begin PBXVariantGroup section */
		29E74AA51EB6CF9100BF54BD /* LaunchScreen.storyboard */ = {
			isa = PBXVariantGroup;
			children = (
				29E74AA61EB6CF9100BF54BD /* Base */,
			);
			name = LaunchScreen.storyboard;
			sourceTree = "<group>";
		};
		29E74AA71EB6CF9100BF54BD /* Main.storyboard */ = {
			isa = PBXVariantGroup;
			children = (
				29E74AA81EB6CF9100BF54BD /* Base */,
			);
			name = Main.storyboard;
			sourceTree = "<group>";
		};
/* End PBXVariantGroup section */

/* Begin XCBuildConfiguration section */
		29E74A951EB6CCFE00BF54BD /* Debug */ = {
			isa = XCBuildConfiguration;
			buildSettings = {
				ALWAYS_SEARCH_USER_PATHS = NO;
				CLANG_ANALYZER_NONNULL = YES;
				CLANG_ANALYZER_NUMBER_OBJECT_CONVERSION = YES_AGGRESSIVE;
				CLANG_CXX_LANGUAGE_STANDARD = "gnu++0x";
				CLANG_CXX_LIBRARY = "libc++";
				CLANG_ENABLE_MODULES = YES;
				CLANG_ENABLE_OBJC_ARC = YES;
				CLANG_WARN_BOOL_CONVERSION = YES;
				CLANG_WARN_CONSTANT_CONVERSION = YES;
				CLANG_WARN_DIRECT_OBJC_ISA_USAGE = YES_ERROR;
				CLANG_WARN_DOCUMENTATION_COMMENTS = YES;
				CLANG_WARN_EMPTY_BODY = YES;
				CLANG_WARN_ENUM_CONVERSION = YES;
				CLANG_WARN_INFINITE_RECURSION = YES;
				CLANG_WARN_INT_CONVERSION = YES;
				CLANG_WARN_OBJC_ROOT_CLASS = YES_ERROR;
				CLANG_WARN_SUSPICIOUS_MOVE = YES;
				CLANG_WARN_UNREACHABLE_CODE = YES;
				CLANG_WARN__DUPLICATE_METHOD_MATCH = YES;
				"CODE_SIGN_IDENTITY[sdk=iphoneos*]" = "iPhone Developer";
				COPY_PHASE_STRIP = NO;
				DEBUG_INFORMATION_FORMAT = dwarf;
				ENABLE_STRICT_OBJC_MSGSEND = YES;
				ENABLE_TESTABILITY = YES;
				GCC_C_LANGUAGE_STANDARD = gnu99;
				GCC_DYNAMIC_NO_PIC = NO;
				GCC_NO_COMMON_BLOCKS = YES;
				GCC_OPTIMIZATION_LEVEL = 0;
				GCC_PREPROCESSOR_DEFINITIONS = (
					"DEBUG=1",
					"$(inherited)",
				);
				GCC_WARN_64_TO_32_BIT_CONVERSION = YES;
				GCC_WARN_ABOUT_RETURN_TYPE = YES_ERROR;
				GCC_WARN_UNDECLARED_SELECTOR = YES;
				GCC_WARN_UNINITIALIZED_AUTOS = YES_AGGRESSIVE;
				GCC_WARN_UNUSED_FUNCTION = YES;
				GCC_WARN_UNUSED_VARIABLE = YES;
				IPHONEOS_DEPLOYMENT_TARGET = 10.3;
				MTL_ENABLE_DEBUG_INFO = YES;
				ONLY_ACTIVE_ARCH = YES;
				SDKROOT = iphoneos;
				SWIFT_ACTIVE_COMPILATION_CONDITIONS = DEBUG;
				SWIFT_OPTIMIZATION_LEVEL = "-Onone";
				TARGETED_DEVICE_FAMILY = "1,2";
			};
			name = Debug;
		};
		29E74A961EB6CCFE00BF54BD /* Release */ = {
			isa = XCBuildConfiguration;
			buildSettings = {
				ALWAYS_SEARCH_USER_PATHS = NO;
				CLANG_ANALYZER_NONNULL = YES;
				CLANG_ANALYZER_NUMBER_OBJECT_CONVERSION = YES_AGGRESSIVE;
				CLANG_CXX_LANGUAGE_STANDARD = "gnu++0x";
				CLANG_CXX_LIBRARY = "libc++";
				CLANG_ENABLE_MODULES = YES;
				CLANG_ENABLE_OBJC_ARC = YES;
				CLANG_WARN_BOOL_CONVERSION = YES;
				CLANG_WARN_CONSTANT_CONVERSION = YES;
				CLANG_WARN_DIRECT_OBJC_ISA_USAGE = YES_ERROR;
				CLANG_WARN_DOCUMENTATION_COMMENTS = YES;
				CLANG_WARN_EMPTY_BODY = YES;
				CLANG_WARN_ENUM_CONVERSION = YES;
				CLANG_WARN_INFINITE_RECURSION = YES;
				CLANG_WARN_INT_CONVERSION = YES;
				CLANG_WARN_OBJC_ROOT_CLASS = YES_ERROR;
				CLANG_WARN_SUSPICIOUS_MOVE = YES;
				CLANG_WARN_UNREACHABLE_CODE = YES;
				CLANG_WARN__DUPLICATE_METHOD_MATCH = YES;
				"CODE_SIGN_IDENTITY[sdk=iphoneos*]" = "iPhone Developer";
				COPY_PHASE_STRIP = NO;
				DEBUG_INFORMATION_FORMAT = "dwarf-with-dsym";
				ENABLE_NS_ASSERTIONS = NO;
				ENABLE_STRICT_OBJC_MSGSEND = YES;
				GCC_C_LANGUAGE_STANDARD = gnu99;
				GCC_NO_COMMON_BLOCKS = YES;
				GCC_WARN_64_TO_32_BIT_CONVERSION = YES;
				GCC_WARN_ABOUT_RETURN_TYPE = YES_ERROR;
				GCC_WARN_UNDECLARED_SELECTOR = YES;
				GCC_WARN_UNINITIALIZED_AUTOS = YES_AGGRESSIVE;
				GCC_WARN_UNUSED_FUNCTION = YES;
				GCC_WARN_UNUSED_VARIABLE = YES;
				IPHONEOS_DEPLOYMENT_TARGET = 10.3;
				MTL_ENABLE_DEBUG_INFO = NO;
				SDKROOT = iphoneos;
				SWIFT_OPTIMIZATION_LEVEL = "-Owholemodule";
				TARGETED_DEVICE_FAMILY = "1,2";
				VALIDATE_PRODUCT = YES;
			};
			name = Release;
		};
		29E74A981EB6CCFE00BF54BD /* Debug */ = {
			isa = XCBuildConfiguration;
			baseConfigurationReference = 90AA31408597A01E0DB1F84A /* Pods-Gitter.debug.xcconfig */;
			buildSettings = {
				ASSETCATALOG_COMPILER_APPICON_NAME = AppIcon;
				DEVELOPMENT_TEAM = 523C4DWBTH;
				INFOPLIST_FILE = "$(SRCROOT)/Gitter/Resources/Info.plist";
				LD_RUNPATH_SEARCH_PATHS = "$(inherited) @executable_path/Frameworks";
				PRODUCT_BUNDLE_IDENTIFIER = com.ryannystrom.Gitter;
				PRODUCT_NAME = "$(TARGET_NAME)";
				SWIFT_VERSION = 3.0;
			};
			name = Debug;
		};
		29E74A991EB6CCFE00BF54BD /* Release */ = {
			isa = XCBuildConfiguration;
			baseConfigurationReference = 18E691BF554DC54963CE2789 /* Pods-Gitter.release.xcconfig */;
			buildSettings = {
				ASSETCATALOG_COMPILER_APPICON_NAME = AppIcon;
				DEVELOPMENT_TEAM = 523C4DWBTH;
				INFOPLIST_FILE = "$(SRCROOT)/Gitter/Resources/Info.plist";
				LD_RUNPATH_SEARCH_PATHS = "$(inherited) @executable_path/Frameworks";
				PRODUCT_BUNDLE_IDENTIFIER = com.ryannystrom.Gitter;
				PRODUCT_NAME = "$(TARGET_NAME)";
				SWIFT_VERSION = 3.0;
			};
			name = Release;
		};
		29E74ABB1EB6D08200BF54BD /* Debug */ = {
			isa = XCBuildConfiguration;
			buildSettings = {
				BUNDLE_LOADER = "$(TEST_HOST)";
				DEVELOPMENT_TEAM = 523C4DWBTH;
				INFOPLIST_FILE = GitterTests/Info.plist;
				LD_RUNPATH_SEARCH_PATHS = "$(inherited) @executable_path/Frameworks @loader_path/Frameworks";
				PRODUCT_BUNDLE_IDENTIFIER = com.ryannystrom.GitterTests;
				PRODUCT_NAME = "$(TARGET_NAME)";
				SWIFT_VERSION = 3.0;
				TEST_HOST = "$(BUILT_PRODUCTS_DIR)/Gitter.app/Gitter";
			};
			name = Debug;
		};
		29E74ABC1EB6D08200BF54BD /* Release */ = {
			isa = XCBuildConfiguration;
			buildSettings = {
				BUNDLE_LOADER = "$(TEST_HOST)";
				DEVELOPMENT_TEAM = 523C4DWBTH;
				INFOPLIST_FILE = GitterTests/Info.plist;
				LD_RUNPATH_SEARCH_PATHS = "$(inherited) @executable_path/Frameworks @loader_path/Frameworks";
				PRODUCT_BUNDLE_IDENTIFIER = com.ryannystrom.GitterTests;
				PRODUCT_NAME = "$(TARGET_NAME)";
				SWIFT_VERSION = 3.0;
				TEST_HOST = "$(BUILT_PRODUCTS_DIR)/Gitter.app/Gitter";
			};
			name = Release;
		};
/* End XCBuildConfiguration section */

/* Begin XCConfigurationList section */
		29E74A801EB6CCFE00BF54BD /* Build configuration list for PBXProject "Gitter" */ = {
			isa = XCConfigurationList;
			buildConfigurations = (
				29E74A951EB6CCFE00BF54BD /* Debug */,
				29E74A961EB6CCFE00BF54BD /* Release */,
			);
			defaultConfigurationIsVisible = 0;
			defaultConfigurationName = Release;
		};
		29E74A971EB6CCFE00BF54BD /* Build configuration list for PBXNativeTarget "Gitter" */ = {
			isa = XCConfigurationList;
			buildConfigurations = (
				29E74A981EB6CCFE00BF54BD /* Debug */,
				29E74A991EB6CCFE00BF54BD /* Release */,
			);
			defaultConfigurationIsVisible = 0;
			defaultConfigurationName = Release;
		};
		29E74ABD1EB6D08200BF54BD /* Build configuration list for PBXNativeTarget "GitterTests" */ = {
			isa = XCConfigurationList;
			buildConfigurations = (
				29E74ABB1EB6D08200BF54BD /* Debug */,
				29E74ABC1EB6D08200BF54BD /* Release */,
			);
			defaultConfigurationIsVisible = 0;
			defaultConfigurationName = Release;
		};
/* End XCConfigurationList section */
	};
	rootObject = 29E74A7D1EB6CCFE00BF54BD /* Project object */;
}
